// !$*UTF8*$!
{
	archiveVersion = 1;
	classes = {
	};
	objectVersion = 56;
	objects = {

/* Begin PBXBuildFile section */
		20E543192BE95E3A00CD7E52 /* UsersListView.swift in Sources */ = {isa = PBXBuildFile; fileRef = 20E543182BE95E3A00CD7E52 /* UsersListView.swift */; };
		20E5431E2BE95FEA00CD7E52 /* MainMenuItem.swift in Sources */ = {isa = PBXBuildFile; fileRef = 20E5431D2BE95FEA00CD7E52 /* MainMenuItem.swift */; };
		20E543212BE9614900CD7E52 /* UserDTO.swift in Sources */ = {isa = PBXBuildFile; fileRef = 20E543202BE9614900CD7E52 /* UserDTO.swift */; };
		20E543292BE9724000CD7E52 /* NetworkRequest.swift in Sources */ = {isa = PBXBuildFile; fileRef = 20E543272BE9724000CD7E52 /* NetworkRequest.swift */; };
		20E5432A2BE9724000CD7E52 /* NetworkClient.swift in Sources */ = {isa = PBXBuildFile; fileRef = 20E543282BE9724000CD7E52 /* NetworkClient.swift */; };
		20E5432C2BE9724A00CD7E52 /* DataError.swift in Sources */ = {isa = PBXBuildFile; fileRef = 20E5432B2BE9724A00CD7E52 /* DataError.swift */; };
		20E5432F2BE9734100CD7E52 /* UsersDataSource.swift in Sources */ = {isa = PBXBuildFile; fileRef = 20E5432E2BE9734100CD7E52 /* UsersDataSource.swift */; };
		20E543322BE97AD700CD7E52 /* UserRequest.swift in Sources */ = {isa = PBXBuildFile; fileRef = 20E543312BE97AD700CD7E52 /* UserRequest.swift */; };
		20E543342BE97B3D00CD7E52 /* UsersRequest.swift in Sources */ = {isa = PBXBuildFile; fileRef = 20E543332BE97B3D00CD7E52 /* UsersRequest.swift */; };
		20E543382BE97D7600CD7E52 /* PostDTO.swift in Sources */ = {isa = PBXBuildFile; fileRef = 20E543372BE97D7600CD7E52 /* PostDTO.swift */; };
		20E5433B2BE97DCC00CD7E52 /* PostsRequest.swift in Sources */ = {isa = PBXBuildFile; fileRef = 20E5433A2BE97DCC00CD7E52 /* PostsRequest.swift */; };
		20E5433D2BE97E0400CD7E52 /* PostsDataSource.swift in Sources */ = {isa = PBXBuildFile; fileRef = 20E5433C2BE97E0400CD7E52 /* PostsDataSource.swift */; };
		20E543422BE97F1F00CD7E52 /* PostsRepository.swift in Sources */ = {isa = PBXBuildFile; fileRef = 20E543412BE97F1F00CD7E52 /* PostsRepository.swift */; };
		20E543452BE97FC500CD7E52 /* PostDTO+Post.swift in Sources */ = {isa = PBXBuildFile; fileRef = 20E543442BE97FC500CD7E52 /* PostDTO+Post.swift */; };
		20E543482BE988D500CD7E52 /* GetAllPostsUseCase.swift in Sources */ = {isa = PBXBuildFile; fileRef = 20E543472BE988D500CD7E52 /* GetAllPostsUseCase.swift */; };
		20E5434C2BE989C300CD7E52 /* PostsViewModel.swift in Sources */ = {isa = PBXBuildFile; fileRef = 20E5434B2BE989C300CD7E52 /* PostsViewModel.swift */; };
		20E5434E2BE98C9200CD7E52 /* PostsViewFactory.swift in Sources */ = {isa = PBXBuildFile; fileRef = 20E5434D2BE98C9200CD7E52 /* PostsViewFactory.swift */; };
		20E543502BE98D2100CD7E52 /* PostsRepositoryFactory.swift in Sources */ = {isa = PBXBuildFile; fileRef = 20E5434F2BE98D2100CD7E52 /* PostsRepositoryFactory.swift */; };
		20E543542BEA79A900CD7E52 /* ProfileViewFactory.swift in Sources */ = {isa = PBXBuildFile; fileRef = 20E543532BEA79A900CD7E52 /* ProfileViewFactory.swift */; };
		20E543572BEA864B00CD7E52 /* GetProfileInformationUseCase.swift in Sources */ = {isa = PBXBuildFile; fileRef = 20E543562BEA864B00CD7E52 /* GetProfileInformationUseCase.swift */; };
		20E5435A2BEA869E00CD7E52 /* UsersRepository.swift in Sources */ = {isa = PBXBuildFile; fileRef = 20E543592BEA869E00CD7E52 /* UsersRepository.swift */; };
		20E5435C2BEA86F100CD7E52 /* User.swift in Sources */ = {isa = PBXBuildFile; fileRef = 20E5435B2BEA86F100CD7E52 /* User.swift */; };
		20E5435E2BEA87C700CD7E52 /* UserDTO+User.swift in Sources */ = {isa = PBXBuildFile; fileRef = 20E5435D2BEA87C700CD7E52 /* UserDTO+User.swift */; };
		20E543602BEA893B00CD7E52 /* UsersRepositoryFactory.swift in Sources */ = {isa = PBXBuildFile; fileRef = 20E5435F2BEA893B00CD7E52 /* UsersRepositoryFactory.swift */; };
		20E543642BEA8A5600CD7E52 /* ProfileViewModel.swift in Sources */ = {isa = PBXBuildFile; fileRef = 20E543632BEA8A5600CD7E52 /* ProfileViewModel.swift */; };
		20E543662BEA8EB700CD7E52 /* ProfileView.swift in Sources */ = {isa = PBXBuildFile; fileRef = 20E543652BEA8EB700CD7E52 /* ProfileView.swift */; };
		20E543682BEABDFE00CD7E52 /* UsersCollectionCell.swift in Sources */ = {isa = PBXBuildFile; fileRef = 20E543672BEABDFE00CD7E52 /* UsersCollectionCell.swift */; };
		20E5436A2BEAC41C00CD7E52 /* UsersPresenter.swift in Sources */ = {isa = PBXBuildFile; fileRef = 20E543692BEAC41C00CD7E52 /* UsersPresenter.swift */; };
		20E5436D2BEAC4F000CD7E52 /* GetAllUsersUseCase.swift in Sources */ = {isa = PBXBuildFile; fileRef = 20E5436C2BEAC4F000CD7E52 /* GetAllUsersUseCase.swift */; };
		20E5436F2BEAC7B500CD7E52 /* UsersConfigurator.swift in Sources */ = {isa = PBXBuildFile; fileRef = 20E5436E2BEAC7B500CD7E52 /* UsersConfigurator.swift */; };
		20E543712BEACA5100CD7E52 /* UserView.swift in Sources */ = {isa = PBXBuildFile; fileRef = 20E543702BEACA5100CD7E52 /* UserView.swift */; };
		9435B3392BAC1D0200CF0C9E /* MiniPostApp.swift in Sources */ = {isa = PBXBuildFile; fileRef = 9435B3382BAC1D0200CF0C9E /* MiniPostApp.swift */; };
		9435B33B2BAC1D0200CF0C9E /* MainMenuView.swift in Sources */ = {isa = PBXBuildFile; fileRef = 9435B33A2BAC1D0200CF0C9E /* MainMenuView.swift */; };
		9435B33D2BAC1D0400CF0C9E /* Assets.xcassets in Resources */ = {isa = PBXBuildFile; fileRef = 9435B33C2BAC1D0400CF0C9E /* Assets.xcassets */; };
		9435B3402BAC1D0400CF0C9E /* Preview Assets.xcassets in Resources */ = {isa = PBXBuildFile; fileRef = 9435B33F2BAC1D0400CF0C9E /* Preview Assets.xcassets */; };
		9435B34A2BAC1D0500CF0C9E /* miniPostTests.swift in Sources */ = {isa = PBXBuildFile; fileRef = 9435B3492BAC1D0500CF0C9E /* miniPostTests.swift */; };
		9435B3542BAC1D0500CF0C9E /* miniPostUITests.swift in Sources */ = {isa = PBXBuildFile; fileRef = 9435B3532BAC1D0500CF0C9E /* miniPostUITests.swift */; };
		9435B3562BAC1D0500CF0C9E /* miniPostUITestsLaunchTests.swift in Sources */ = {isa = PBXBuildFile; fileRef = 9435B3552BAC1D0500CF0C9E /* miniPostUITestsLaunchTests.swift */; };
		9435B3712BAC2A6300CF0C9E /* UsersListViewController.swift in Sources */ = {isa = PBXBuildFile; fileRef = 9435B3702BAC2A6300CF0C9E /* UsersListViewController.swift */; };
		9435B3732BAC2C6C00CF0C9E /* MyUIKitView.swift in Sources */ = {isa = PBXBuildFile; fileRef = 9435B3722BAC2C6C00CF0C9E /* MyUIKitView.swift */; };
		948652D22BAD9DCD00D3B5E5 /* PostsView.swift in Sources */ = {isa = PBXBuildFile; fileRef = 948652D12BAD9DCD00D3B5E5 /* PostsView.swift */; };
		948652D42BAD9E3C00D3B5E5 /* Post.swift in Sources */ = {isa = PBXBuildFile; fileRef = 948652D32BAD9E3C00D3B5E5 /* Post.swift */; };
/* End PBXBuildFile section */

/* Begin PBXContainerItemProxy section */
		9435B3462BAC1D0500CF0C9E /* PBXContainerItemProxy */ = {
			isa = PBXContainerItemProxy;
			containerPortal = 9435B32D2BAC1D0200CF0C9E /* Project object */;
			proxyType = 1;
			remoteGlobalIDString = 9435B3342BAC1D0200CF0C9E;
			remoteInfo = miniPost;
		};
		9435B3502BAC1D0500CF0C9E /* PBXContainerItemProxy */ = {
			isa = PBXContainerItemProxy;
			containerPortal = 9435B32D2BAC1D0200CF0C9E /* Project object */;
			proxyType = 1;
			remoteGlobalIDString = 9435B3342BAC1D0200CF0C9E;
			remoteInfo = miniPost;
		};
/* End PBXContainerItemProxy section */

/* Begin PBXFileReference section */
		20E543182BE95E3A00CD7E52 /* UsersListView.swift */ = {isa = PBXFileReference; lastKnownFileType = sourcecode.swift; path = UsersListView.swift; sourceTree = "<group>"; };
		20E5431D2BE95FEA00CD7E52 /* MainMenuItem.swift */ = {isa = PBXFileReference; lastKnownFileType = sourcecode.swift; path = MainMenuItem.swift; sourceTree = "<group>"; };
		20E543202BE9614900CD7E52 /* UserDTO.swift */ = {isa = PBXFileReference; lastKnownFileType = sourcecode.swift; path = UserDTO.swift; sourceTree = "<group>"; };
		20E543272BE9724000CD7E52 /* NetworkRequest.swift */ = {isa = PBXFileReference; fileEncoding = 4; lastKnownFileType = sourcecode.swift; path = NetworkRequest.swift; sourceTree = "<group>"; };
		20E543282BE9724000CD7E52 /* NetworkClient.swift */ = {isa = PBXFileReference; fileEncoding = 4; lastKnownFileType = sourcecode.swift; path = NetworkClient.swift; sourceTree = "<group>"; };
		20E5432B2BE9724A00CD7E52 /* DataError.swift */ = {isa = PBXFileReference; fileEncoding = 4; lastKnownFileType = sourcecode.swift; path = DataError.swift; sourceTree = "<group>"; };
		20E5432E2BE9734100CD7E52 /* UsersDataSource.swift */ = {isa = PBXFileReference; lastKnownFileType = sourcecode.swift; path = UsersDataSource.swift; sourceTree = "<group>"; };
		20E543312BE97AD700CD7E52 /* UserRequest.swift */ = {isa = PBXFileReference; lastKnownFileType = sourcecode.swift; path = UserRequest.swift; sourceTree = "<group>"; };
		20E543332BE97B3D00CD7E52 /* UsersRequest.swift */ = {isa = PBXFileReference; lastKnownFileType = sourcecode.swift; path = UsersRequest.swift; sourceTree = "<group>"; };
		20E543372BE97D7600CD7E52 /* PostDTO.swift */ = {isa = PBXFileReference; lastKnownFileType = sourcecode.swift; path = PostDTO.swift; sourceTree = "<group>"; };
		20E5433A2BE97DCC00CD7E52 /* PostsRequest.swift */ = {isa = PBXFileReference; lastKnownFileType = sourcecode.swift; path = PostsRequest.swift; sourceTree = "<group>"; };
		20E5433C2BE97E0400CD7E52 /* PostsDataSource.swift */ = {isa = PBXFileReference; lastKnownFileType = sourcecode.swift; path = PostsDataSource.swift; sourceTree = "<group>"; };
		20E543412BE97F1F00CD7E52 /* PostsRepository.swift */ = {isa = PBXFileReference; lastKnownFileType = sourcecode.swift; path = PostsRepository.swift; sourceTree = "<group>"; };
		20E543442BE97FC500CD7E52 /* PostDTO+Post.swift */ = {isa = PBXFileReference; lastKnownFileType = sourcecode.swift; path = "PostDTO+Post.swift"; sourceTree = "<group>"; };
		20E543472BE988D500CD7E52 /* GetAllPostsUseCase.swift */ = {isa = PBXFileReference; lastKnownFileType = sourcecode.swift; path = GetAllPostsUseCase.swift; sourceTree = "<group>"; };
		20E5434B2BE989C300CD7E52 /* PostsViewModel.swift */ = {isa = PBXFileReference; lastKnownFileType = sourcecode.swift; path = PostsViewModel.swift; sourceTree = "<group>"; };
		20E5434D2BE98C9200CD7E52 /* PostsViewFactory.swift */ = {isa = PBXFileReference; lastKnownFileType = sourcecode.swift; path = PostsViewFactory.swift; sourceTree = "<group>"; };
		20E5434F2BE98D2100CD7E52 /* PostsRepositoryFactory.swift */ = {isa = PBXFileReference; lastKnownFileType = sourcecode.swift; path = PostsRepositoryFactory.swift; sourceTree = "<group>"; };
		20E543532BEA79A900CD7E52 /* ProfileViewFactory.swift */ = {isa = PBXFileReference; lastKnownFileType = sourcecode.swift; path = ProfileViewFactory.swift; sourceTree = "<group>"; };
		20E543562BEA864B00CD7E52 /* GetProfileInformationUseCase.swift */ = {isa = PBXFileReference; lastKnownFileType = sourcecode.swift; path = GetProfileInformationUseCase.swift; sourceTree = "<group>"; };
		20E543592BEA869E00CD7E52 /* UsersRepository.swift */ = {isa = PBXFileReference; lastKnownFileType = sourcecode.swift; path = UsersRepository.swift; sourceTree = "<group>"; };
		20E5435B2BEA86F100CD7E52 /* User.swift */ = {isa = PBXFileReference; lastKnownFileType = sourcecode.swift; path = User.swift; sourceTree = "<group>"; };
		20E5435D2BEA87C700CD7E52 /* UserDTO+User.swift */ = {isa = PBXFileReference; lastKnownFileType = sourcecode.swift; path = "UserDTO+User.swift"; sourceTree = "<group>"; };
		20E5435F2BEA893B00CD7E52 /* UsersRepositoryFactory.swift */ = {isa = PBXFileReference; lastKnownFileType = sourcecode.swift; path = UsersRepositoryFactory.swift; sourceTree = "<group>"; };
		20E543632BEA8A5600CD7E52 /* ProfileViewModel.swift */ = {isa = PBXFileReference; lastKnownFileType = sourcecode.swift; path = ProfileViewModel.swift; sourceTree = "<group>"; };
		20E543652BEA8EB700CD7E52 /* ProfileView.swift */ = {isa = PBXFileReference; lastKnownFileType = sourcecode.swift; path = ProfileView.swift; sourceTree = "<group>"; };
		20E543672BEABDFE00CD7E52 /* UsersCollectionCell.swift */ = {isa = PBXFileReference; lastKnownFileType = sourcecode.swift; path = UsersCollectionCell.swift; sourceTree = "<group>"; };
		20E543692BEAC41C00CD7E52 /* UsersPresenter.swift */ = {isa = PBXFileReference; lastKnownFileType = sourcecode.swift; path = UsersPresenter.swift; sourceTree = "<group>"; };
		20E5436C2BEAC4F000CD7E52 /* GetAllUsersUseCase.swift */ = {isa = PBXFileReference; lastKnownFileType = sourcecode.swift; path = GetAllUsersUseCase.swift; sourceTree = "<group>"; };
		20E5436E2BEAC7B500CD7E52 /* UsersConfigurator.swift */ = {isa = PBXFileReference; lastKnownFileType = sourcecode.swift; path = UsersConfigurator.swift; sourceTree = "<group>"; };
		20E543702BEACA5100CD7E52 /* UserView.swift */ = {isa = PBXFileReference; lastKnownFileType = sourcecode.swift; path = UserView.swift; sourceTree = "<group>"; };
		9435B3352BAC1D0200CF0C9E /* miniPost.app */ = {isa = PBXFileReference; explicitFileType = wrapper.application; includeInIndex = 0; path = miniPost.app; sourceTree = BUILT_PRODUCTS_DIR; };
		9435B3382BAC1D0200CF0C9E /* MiniPostApp.swift */ = {isa = PBXFileReference; lastKnownFileType = sourcecode.swift; path = MiniPostApp.swift; sourceTree = "<group>"; };
		9435B33A2BAC1D0200CF0C9E /* MainMenuView.swift */ = {isa = PBXFileReference; lastKnownFileType = sourcecode.swift; path = MainMenuView.swift; sourceTree = "<group>"; };
		9435B33C2BAC1D0400CF0C9E /* Assets.xcassets */ = {isa = PBXFileReference; lastKnownFileType = folder.assetcatalog; path = Assets.xcassets; sourceTree = "<group>"; };
		9435B33F2BAC1D0400CF0C9E /* Preview Assets.xcassets */ = {isa = PBXFileReference; lastKnownFileType = folder.assetcatalog; path = "Preview Assets.xcassets"; sourceTree = "<group>"; };
		9435B3452BAC1D0500CF0C9E /* miniPostTests.xctest */ = {isa = PBXFileReference; explicitFileType = wrapper.cfbundle; includeInIndex = 0; path = miniPostTests.xctest; sourceTree = BUILT_PRODUCTS_DIR; };
		9435B3492BAC1D0500CF0C9E /* miniPostTests.swift */ = {isa = PBXFileReference; lastKnownFileType = sourcecode.swift; path = miniPostTests.swift; sourceTree = "<group>"; };
		9435B34F2BAC1D0500CF0C9E /* miniPostUITests.xctest */ = {isa = PBXFileReference; explicitFileType = wrapper.cfbundle; includeInIndex = 0; path = miniPostUITests.xctest; sourceTree = BUILT_PRODUCTS_DIR; };
		9435B3532BAC1D0500CF0C9E /* miniPostUITests.swift */ = {isa = PBXFileReference; lastKnownFileType = sourcecode.swift; path = miniPostUITests.swift; sourceTree = "<group>"; };
		9435B3552BAC1D0500CF0C9E /* miniPostUITestsLaunchTests.swift */ = {isa = PBXFileReference; lastKnownFileType = sourcecode.swift; path = miniPostUITestsLaunchTests.swift; sourceTree = "<group>"; };
		9435B3702BAC2A6300CF0C9E /* UsersListViewController.swift */ = {isa = PBXFileReference; lastKnownFileType = sourcecode.swift; path = UsersListViewController.swift; sourceTree = "<group>"; };
		9435B3722BAC2C6C00CF0C9E /* MyUIKitView.swift */ = {isa = PBXFileReference; lastKnownFileType = sourcecode.swift; path = MyUIKitView.swift; sourceTree = "<group>"; };
		948652D12BAD9DCD00D3B5E5 /* PostsView.swift */ = {isa = PBXFileReference; lastKnownFileType = sourcecode.swift; path = PostsView.swift; sourceTree = "<group>"; };
		948652D32BAD9E3C00D3B5E5 /* Post.swift */ = {isa = PBXFileReference; lastKnownFileType = sourcecode.swift; path = Post.swift; sourceTree = "<group>"; };
/* End PBXFileReference section */

/* Begin PBXFrameworksBuildPhase section */
		9435B3322BAC1D0200CF0C9E /* Frameworks */ = {
			isa = PBXFrameworksBuildPhase;
			buildActionMask = 2147483647;
			files = (
			);
			runOnlyForDeploymentPostprocessing = 0;
		};
		9435B3422BAC1D0500CF0C9E /* Frameworks */ = {
			isa = PBXFrameworksBuildPhase;
			buildActionMask = 2147483647;
			files = (
			);
			runOnlyForDeploymentPostprocessing = 0;
		};
		9435B34C2BAC1D0500CF0C9E /* Frameworks */ = {
			isa = PBXFrameworksBuildPhase;
			buildActionMask = 2147483647;
			files = (
			);
			runOnlyForDeploymentPostprocessing = 0;
		};
/* End PBXFrameworksBuildPhase section */

/* Begin PBXGroup section */
		20E5431A2BE95E8500CD7E52 /* SwiftUI */ = {
			isa = PBXGroup;
			children = (
				20E543182BE95E3A00CD7E52 /* UsersListView.swift */,
			);
			path = SwiftUI;
			sourceTree = "<group>";
		};
		20E5431B2BE95E8F00CD7E52 /* UIKit */ = {
			isa = PBXGroup;
			children = (
				9435B3722BAC2C6C00CF0C9E /* MyUIKitView.swift */,
				20E543672BEABDFE00CD7E52 /* UsersCollectionCell.swift */,
				9435B3702BAC2A6300CF0C9E /* UsersListViewController.swift */,
				20E543702BEACA5100CD7E52 /* UserView.swift */,
			);
			path = UIKit;
			sourceTree = "<group>";
		};
		20E5431C2BE95EED00CD7E52 /* Main */ = {
			isa = PBXGroup;
			children = (
				9435B33A2BAC1D0200CF0C9E /* MainMenuView.swift */,
				20E5431D2BE95FEA00CD7E52 /* MainMenuItem.swift */,
			);
			path = Main;
			sourceTree = "<group>";
		};
		20E5431F2BE9613A00CD7E52 /* DTOs */ = {
			isa = PBXGroup;
			children = (
				20E543202BE9614900CD7E52 /* UserDTO.swift */,
			);
			path = DTOs;
			sourceTree = "<group>";
		};
		20E543222BE9719700CD7E52 /* Clean */ = {
			isa = PBXGroup;
			children = (
				20E543232BE971A300CD7E52 /* Data */,
				20E5433E2BE97ED400CD7E52 /* Domain */,
				20E543492BE9899F00CD7E52 /* Presentation */,
			);
			path = Clean;
			sourceTree = "<group>";
		};
		20E543232BE971A300CD7E52 /* Data */ = {
			isa = PBXGroup;
			children = (
				20E5432B2BE9724A00CD7E52 /* DataError.swift */,
				20E543432BE97FB000CD7E52 /* Converters */,
				20E543252BE971E800CD7E52 /* DataSources */,
				20E543402BE97F0E00CD7E52 /* Repositories */,
			);
			path = Data;
			sourceTree = "<group>";
		};
		20E543242BE971D100CD7E52 /* REST */ = {
			isa = PBXGroup;
			children = (
				20E543352BE97D5A00CD7E52 /* Posts */,
				20E5432D2BE9733300CD7E52 /* Users */,
				20E543262BE971F700CD7E52 /* Networking */,
			);
			path = REST;
			sourceTree = "<group>";
		};
		20E543252BE971E800CD7E52 /* DataSources */ = {
			isa = PBXGroup;
			children = (
				20E543242BE971D100CD7E52 /* REST */,
			);
			path = DataSources;
			sourceTree = "<group>";
		};
		20E543262BE971F700CD7E52 /* Networking */ = {
			isa = PBXGroup;
			children = (
				20E543282BE9724000CD7E52 /* NetworkClient.swift */,
				20E543272BE9724000CD7E52 /* NetworkRequest.swift */,
			);
			path = Networking;
			sourceTree = "<group>";
		};
		20E5432D2BE9733300CD7E52 /* Users */ = {
			isa = PBXGroup;
			children = (
				20E5432E2BE9734100CD7E52 /* UsersDataSource.swift */,
				20E5431F2BE9613A00CD7E52 /* DTOs */,
				20E543302BE9738B00CD7E52 /* Requests */,
			);
			path = Users;
			sourceTree = "<group>";
		};
		20E543302BE9738B00CD7E52 /* Requests */ = {
			isa = PBXGroup;
			children = (
				20E543312BE97AD700CD7E52 /* UserRequest.swift */,
				20E543332BE97B3D00CD7E52 /* UsersRequest.swift */,
			);
			path = Requests;
			sourceTree = "<group>";
		};
		20E543352BE97D5A00CD7E52 /* Posts */ = {
			isa = PBXGroup;
			children = (
				20E5433C2BE97E0400CD7E52 /* PostsDataSource.swift */,
				20E543362BE97D6700CD7E52 /* DTOs */,
				20E543392BE97DA800CD7E52 /* Requests */,
			);
			path = Posts;
			sourceTree = "<group>";
		};
		20E543362BE97D6700CD7E52 /* DTOs */ = {
			isa = PBXGroup;
			children = (
				20E543372BE97D7600CD7E52 /* PostDTO.swift */,
			);
			path = DTOs;
			sourceTree = "<group>";
		};
		20E543392BE97DA800CD7E52 /* Requests */ = {
			isa = PBXGroup;
			children = (
				20E5433A2BE97DCC00CD7E52 /* PostsRequest.swift */,
			);
			path = Requests;
			sourceTree = "<group>";
		};
		20E5433E2BE97ED400CD7E52 /* Domain */ = {
			isa = PBXGroup;
			children = (
				20E5433F2BE97EE100CD7E52 /* Posts */,
				20E543552BEA861C00CD7E52 /* Profile */,
				20E5436B2BEAC4D800CD7E52 /* Users */,
			);
			path = Domain;
			sourceTree = "<group>";
		};
		20E5433F2BE97EE100CD7E52 /* Posts */ = {
			isa = PBXGroup;
			children = (
				20E543472BE988D500CD7E52 /* GetAllPostsUseCase.swift */,
				20E543612BEA899C00CD7E52 /* Model */,
			);
			path = Posts;
			sourceTree = "<group>";
		};
		20E543402BE97F0E00CD7E52 /* Repositories */ = {
			isa = PBXGroup;
			children = (
				20E543512BE98F9600CD7E52 /* Posts */,
				20E543582BEA868C00CD7E52 /* Users */,
			);
			path = Repositories;
			sourceTree = "<group>";
		};
		20E543432BE97FB000CD7E52 /* Converters */ = {
			isa = PBXGroup;
			children = (
				20E543442BE97FC500CD7E52 /* PostDTO+Post.swift */,
				20E5435D2BEA87C700CD7E52 /* UserDTO+User.swift */,
			);
			path = Converters;
			sourceTree = "<group>";
		};
		20E543492BE9899F00CD7E52 /* Presentation */ = {
			isa = PBXGroup;
			children = (
				20E5434A2BE989AD00CD7E52 /* Posts */,
				20E543522BEA797800CD7E52 /* Profile */,
				948652CF2BAD9D8100D3B5E5 /* Users */,
			);
			path = Presentation;
			sourceTree = "<group>";
		};
		20E5434A2BE989AD00CD7E52 /* Posts */ = {
			isa = PBXGroup;
			children = (
				948652D12BAD9DCD00D3B5E5 /* PostsView.swift */,
				20E5434B2BE989C300CD7E52 /* PostsViewModel.swift */,
				20E5434D2BE98C9200CD7E52 /* PostsViewFactory.swift */,
			);
			path = Posts;
			sourceTree = "<group>";
		};
		20E543512BE98F9600CD7E52 /* Posts */ = {
			isa = PBXGroup;
			children = (
				20E543412BE97F1F00CD7E52 /* PostsRepository.swift */,
				20E5434F2BE98D2100CD7E52 /* PostsRepositoryFactory.swift */,
			);
			path = Posts;
			sourceTree = "<group>";
		};
		20E543522BEA797800CD7E52 /* Profile */ = {
			isa = PBXGroup;
			children = (
				20E543652BEA8EB700CD7E52 /* ProfileView.swift */,
				20E543532BEA79A900CD7E52 /* ProfileViewFactory.swift */,
				20E543632BEA8A5600CD7E52 /* ProfileViewModel.swift */,
			);
			path = Profile;
			sourceTree = "<group>";
		};
		20E543552BEA861C00CD7E52 /* Profile */ = {
			isa = PBXGroup;
			children = (
				20E543562BEA864B00CD7E52 /* GetProfileInformationUseCase.swift */,
				20E543622BEA89B000CD7E52 /* Model */,
			);
			path = Profile;
			sourceTree = "<group>";
		};
		20E543582BEA868C00CD7E52 /* Users */ = {
			isa = PBXGroup;
			children = (
				20E543592BEA869E00CD7E52 /* UsersRepository.swift */,
				20E5435F2BEA893B00CD7E52 /* UsersRepositoryFactory.swift */,
			);
			path = Users;
			sourceTree = "<group>";
		};
		20E543612BEA899C00CD7E52 /* Model */ = {
			isa = PBXGroup;
			children = (
				948652D32BAD9E3C00D3B5E5 /* Post.swift */,
			);
			path = Model;
			sourceTree = "<group>";
		};
		20E543622BEA89B000CD7E52 /* Model */ = {
			isa = PBXGroup;
			children = (
				20E5435B2BEA86F100CD7E52 /* User.swift */,
			);
			path = Model;
			sourceTree = "<group>";
		};
		20E5436B2BEAC4D800CD7E52 /* Users */ = {
			isa = PBXGroup;
			children = (
				20E5436C2BEAC4F000CD7E52 /* GetAllUsersUseCase.swift */,
			);
			path = Users;
			sourceTree = "<group>";
		};
		9435B32C2BAC1D0200CF0C9E = {
			isa = PBXGroup;
			children = (
				9435B3372BAC1D0200CF0C9E /* miniPost */,
				9435B3482BAC1D0500CF0C9E /* miniPostTests */,
				9435B3522BAC1D0500CF0C9E /* miniPostUITests */,
				9435B3362BAC1D0200CF0C9E /* Products */,
			);
			sourceTree = "<group>";
		};
		9435B3362BAC1D0200CF0C9E /* Products */ = {
			isa = PBXGroup;
			children = (
				9435B3352BAC1D0200CF0C9E /* miniPost.app */,
				9435B3452BAC1D0500CF0C9E /* miniPostTests.xctest */,
				9435B34F2BAC1D0500CF0C9E /* miniPostUITests.xctest */,
			);
			name = Products;
			sourceTree = "<group>";
		};
		9435B3372BAC1D0200CF0C9E /* miniPost */ = {
			isa = PBXGroup;
			children = (
				9435B3382BAC1D0200CF0C9E /* MiniPostApp.swift */,
				9435B33C2BAC1D0400CF0C9E /* Assets.xcassets */,
				20E543222BE9719700CD7E52 /* Clean */,
				20E5431C2BE95EED00CD7E52 /* Main */,
				9435B33E2BAC1D0400CF0C9E /* Preview Content */,
			);
			path = miniPost;
			sourceTree = "<group>";
		};
		9435B33E2BAC1D0400CF0C9E /* Preview Content */ = {
			isa = PBXGroup;
			children = (
				9435B33F2BAC1D0400CF0C9E /* Preview Assets.xcassets */,
			);
			path = "Preview Content";
			sourceTree = "<group>";
		};
		9435B3482BAC1D0500CF0C9E /* miniPostTests */ = {
			isa = PBXGroup;
			children = (
				9435B3492BAC1D0500CF0C9E /* miniPostTests.swift */,
			);
			path = miniPostTests;
			sourceTree = "<group>";
		};
		9435B3522BAC1D0500CF0C9E /* miniPostUITests */ = {
			isa = PBXGroup;
			children = (
				9435B3532BAC1D0500CF0C9E /* miniPostUITests.swift */,
				9435B3552BAC1D0500CF0C9E /* miniPostUITestsLaunchTests.swift */,
			);
			path = miniPostUITests;
			sourceTree = "<group>";
		};
		948652CF2BAD9D8100D3B5E5 /* Users */ = {
			isa = PBXGroup;
			children = (
				20E5431A2BE95E8500CD7E52 /* SwiftUI */,
				20E5431B2BE95E8F00CD7E52 /* UIKit */,
				20E543692BEAC41C00CD7E52 /* UsersPresenter.swift */,
				20E5436E2BEAC7B500CD7E52 /* UsersConfigurator.swift */,
			);
			path = Users;
			sourceTree = "<group>";
		};
/* End PBXGroup section */

/* Begin PBXNativeTarget section */
		9435B3342BAC1D0200CF0C9E /* miniPost */ = {
			isa = PBXNativeTarget;
			buildConfigurationList = 9435B3592BAC1D0500CF0C9E /* Build configuration list for PBXNativeTarget "miniPost" */;
			buildPhases = (
				9435B3312BAC1D0200CF0C9E /* Sources */,
				9435B3322BAC1D0200CF0C9E /* Frameworks */,
				9435B3332BAC1D0200CF0C9E /* Resources */,
			);
			buildRules = (
			);
			dependencies = (
			);
			name = miniPost;
			productName = miniPost;
			productReference = 9435B3352BAC1D0200CF0C9E /* miniPost.app */;
			productType = "com.apple.product-type.application";
		};
		9435B3442BAC1D0500CF0C9E /* miniPostTests */ = {
			isa = PBXNativeTarget;
			buildConfigurationList = 9435B35C2BAC1D0500CF0C9E /* Build configuration list for PBXNativeTarget "miniPostTests" */;
			buildPhases = (
				9435B3412BAC1D0500CF0C9E /* Sources */,
				9435B3422BAC1D0500CF0C9E /* Frameworks */,
				9435B3432BAC1D0500CF0C9E /* Resources */,
			);
			buildRules = (
			);
			dependencies = (
				9435B3472BAC1D0500CF0C9E /* PBXTargetDependency */,
			);
			name = miniPostTests;
			productName = miniPostTests;
			productReference = 9435B3452BAC1D0500CF0C9E /* miniPostTests.xctest */;
			productType = "com.apple.product-type.bundle.unit-test";
		};
		9435B34E2BAC1D0500CF0C9E /* miniPostUITests */ = {
			isa = PBXNativeTarget;
			buildConfigurationList = 9435B35F2BAC1D0500CF0C9E /* Build configuration list for PBXNativeTarget "miniPostUITests" */;
			buildPhases = (
				9435B34B2BAC1D0500CF0C9E /* Sources */,
				9435B34C2BAC1D0500CF0C9E /* Frameworks */,
				9435B34D2BAC1D0500CF0C9E /* Resources */,
			);
			buildRules = (
			);
			dependencies = (
				9435B3512BAC1D0500CF0C9E /* PBXTargetDependency */,
			);
			name = miniPostUITests;
			productName = miniPostUITests;
			productReference = 9435B34F2BAC1D0500CF0C9E /* miniPostUITests.xctest */;
			productType = "com.apple.product-type.bundle.ui-testing";
		};
/* End PBXNativeTarget section */

/* Begin PBXProject section */
		9435B32D2BAC1D0200CF0C9E /* Project object */ = {
			isa = PBXProject;
			attributes = {
				BuildIndependentTargetsInParallel = 1;
				LastSwiftUpdateCheck = 1520;
				LastUpgradeCheck = 1520;
				TargetAttributes = {
					9435B3342BAC1D0200CF0C9E = {
						CreatedOnToolsVersion = 15.2;
					};
					9435B3442BAC1D0500CF0C9E = {
						CreatedOnToolsVersion = 15.2;
						TestTargetID = 9435B3342BAC1D0200CF0C9E;
					};
					9435B34E2BAC1D0500CF0C9E = {
						CreatedOnToolsVersion = 15.2;
						TestTargetID = 9435B3342BAC1D0200CF0C9E;
					};
				};
			};
			buildConfigurationList = 9435B3302BAC1D0200CF0C9E /* Build configuration list for PBXProject "miniPost" */;
			compatibilityVersion = "Xcode 14.0";
			developmentRegion = en;
			hasScannedForEncodings = 0;
			knownRegions = (
				en,
				Base,
			);
			mainGroup = 9435B32C2BAC1D0200CF0C9E;
			productRefGroup = 9435B3362BAC1D0200CF0C9E /* Products */;
			projectDirPath = "";
			projectRoot = "";
			targets = (
				9435B3342BAC1D0200CF0C9E /* miniPost */,
				9435B3442BAC1D0500CF0C9E /* miniPostTests */,
				9435B34E2BAC1D0500CF0C9E /* miniPostUITests */,
			);
		};
/* End PBXProject section */

/* Begin PBXResourcesBuildPhase section */
		9435B3332BAC1D0200CF0C9E /* Resources */ = {
			isa = PBXResourcesBuildPhase;
			buildActionMask = 2147483647;
			files = (
				9435B3402BAC1D0400CF0C9E /* Preview Assets.xcassets in Resources */,
				9435B33D2BAC1D0400CF0C9E /* Assets.xcassets in Resources */,
			);
			runOnlyForDeploymentPostprocessing = 0;
		};
		9435B3432BAC1D0500CF0C9E /* Resources */ = {
			isa = PBXResourcesBuildPhase;
			buildActionMask = 2147483647;
			files = (
			);
			runOnlyForDeploymentPostprocessing = 0;
		};
		9435B34D2BAC1D0500CF0C9E /* Resources */ = {
			isa = PBXResourcesBuildPhase;
			buildActionMask = 2147483647;
			files = (
			);
			runOnlyForDeploymentPostprocessing = 0;
		};
/* End PBXResourcesBuildPhase section */

/* Begin PBXSourcesBuildPhase section */
		9435B3312BAC1D0200CF0C9E /* Sources */ = {
			isa = PBXSourcesBuildPhase;
			buildActionMask = 2147483647;
			files = (
				20E543452BE97FC500CD7E52 /* PostDTO+Post.swift in Sources */,
				20E543662BEA8EB700CD7E52 /* ProfileView.swift in Sources */,
				20E5432C2BE9724A00CD7E52 /* DataError.swift in Sources */,
				20E543712BEACA5100CD7E52 /* UserView.swift in Sources */,
				948652D22BAD9DCD00D3B5E5 /* PostsView.swift in Sources */,
				20E543602BEA893B00CD7E52 /* UsersRepositoryFactory.swift in Sources */,
				20E543422BE97F1F00CD7E52 /* PostsRepository.swift in Sources */,
				20E5432F2BE9734100CD7E52 /* UsersDataSource.swift in Sources */,
				20E5436D2BEAC4F000CD7E52 /* GetAllUsersUseCase.swift in Sources */,
				20E543502BE98D2100CD7E52 /* PostsRepositoryFactory.swift in Sources */,
				948652D42BAD9E3C00D3B5E5 /* Post.swift in Sources */,
				20E5433B2BE97DCC00CD7E52 /* PostsRequest.swift in Sources */,
				20E5432A2BE9724000CD7E52 /* NetworkClient.swift in Sources */,
				9435B33B2BAC1D0200CF0C9E /* MainMenuView.swift in Sources */,
				20E5436F2BEAC7B500CD7E52 /* UsersConfigurator.swift in Sources */,
				20E5435C2BEA86F100CD7E52 /* User.swift in Sources */,
				9435B3712BAC2A6300CF0C9E /* UsersListViewController.swift in Sources */,
				20E543342BE97B3D00CD7E52 /* UsersRequest.swift in Sources */,
				9435B3732BAC2C6C00CF0C9E /* MyUIKitView.swift in Sources */,
				20E543572BEA864B00CD7E52 /* GetProfileInformationUseCase.swift in Sources */,
				20E543642BEA8A5600CD7E52 /* ProfileViewModel.swift in Sources */,
				20E543482BE988D500CD7E52 /* GetAllPostsUseCase.swift in Sources */,
				20E5434C2BE989C300CD7E52 /* PostsViewModel.swift in Sources */,
				20E5435A2BEA869E00CD7E52 /* UsersRepository.swift in Sources */,
				9435B3392BAC1D0200CF0C9E /* MiniPostApp.swift in Sources */,
				20E5433D2BE97E0400CD7E52 /* PostsDataSource.swift in Sources */,
				20E543542BEA79A900CD7E52 /* ProfileViewFactory.swift in Sources */,
				20E5436A2BEAC41C00CD7E52 /* UsersPresenter.swift in Sources */,
				20E543382BE97D7600CD7E52 /* PostDTO.swift in Sources */,
				20E5431E2BE95FEA00CD7E52 /* MainMenuItem.swift in Sources */,
				20E5434E2BE98C9200CD7E52 /* PostsViewFactory.swift in Sources */,
				20E543682BEABDFE00CD7E52 /* UsersCollectionCell.swift in Sources */,
				20E543212BE9614900CD7E52 /* UserDTO.swift in Sources */,
				20E543192BE95E3A00CD7E52 /* UsersListView.swift in Sources */,
				20E5435E2BEA87C700CD7E52 /* UserDTO+User.swift in Sources */,
				20E543292BE9724000CD7E52 /* NetworkRequest.swift in Sources */,
				20E543322BE97AD700CD7E52 /* UserRequest.swift in Sources */,
			);
			runOnlyForDeploymentPostprocessing = 0;
		};
		9435B3412BAC1D0500CF0C9E /* Sources */ = {
			isa = PBXSourcesBuildPhase;
			buildActionMask = 2147483647;
			files = (
				9435B34A2BAC1D0500CF0C9E /* miniPostTests.swift in Sources */,
			);
			runOnlyForDeploymentPostprocessing = 0;
		};
		9435B34B2BAC1D0500CF0C9E /* Sources */ = {
			isa = PBXSourcesBuildPhase;
			buildActionMask = 2147483647;
			files = (
				9435B3562BAC1D0500CF0C9E /* miniPostUITestsLaunchTests.swift in Sources */,
				9435B3542BAC1D0500CF0C9E /* miniPostUITests.swift in Sources */,
			);
			runOnlyForDeploymentPostprocessing = 0;
		};
/* End PBXSourcesBuildPhase section */

/* Begin PBXTargetDependency section */
		9435B3472BAC1D0500CF0C9E /* PBXTargetDependency */ = {
			isa = PBXTargetDependency;
			target = 9435B3342BAC1D0200CF0C9E /* miniPost */;
			targetProxy = 9435B3462BAC1D0500CF0C9E /* PBXContainerItemProxy */;
		};
		9435B3512BAC1D0500CF0C9E /* PBXTargetDependency */ = {
			isa = PBXTargetDependency;
			target = 9435B3342BAC1D0200CF0C9E /* miniPost */;
			targetProxy = 9435B3502BAC1D0500CF0C9E /* PBXContainerItemProxy */;
		};
/* End PBXTargetDependency section */

/* Begin XCBuildConfiguration section */
		9435B3572BAC1D0500CF0C9E /* Debug */ = {
			isa = XCBuildConfiguration;
			buildSettings = {
				ALWAYS_SEARCH_USER_PATHS = NO;
				ASSETCATALOG_COMPILER_GENERATE_SWIFT_ASSET_SYMBOL_EXTENSIONS = YES;
				CLANG_ANALYZER_NONNULL = YES;
				CLANG_ANALYZER_NUMBER_OBJECT_CONVERSION = YES_AGGRESSIVE;
				CLANG_CXX_LANGUAGE_STANDARD = "gnu++20";
				CLANG_ENABLE_MODULES = YES;
				CLANG_ENABLE_OBJC_ARC = YES;
				CLANG_ENABLE_OBJC_WEAK = YES;
				CLANG_WARN_BLOCK_CAPTURE_AUTORELEASING = YES;
				CLANG_WARN_BOOL_CONVERSION = YES;
				CLANG_WARN_COMMA = YES;
				CLANG_WARN_CONSTANT_CONVERSION = YES;
				CLANG_WARN_DEPRECATED_OBJC_IMPLEMENTATIONS = YES;
				CLANG_WARN_DIRECT_OBJC_ISA_USAGE = YES_ERROR;
				CLANG_WARN_DOCUMENTATION_COMMENTS = YES;
				CLANG_WARN_EMPTY_BODY = YES;
				CLANG_WARN_ENUM_CONVERSION = YES;
				CLANG_WARN_INFINITE_RECURSION = YES;
				CLANG_WARN_INT_CONVERSION = YES;
				CLANG_WARN_NON_LITERAL_NULL_CONVERSION = YES;
				CLANG_WARN_OBJC_IMPLICIT_RETAIN_SELF = YES;
				CLANG_WARN_OBJC_LITERAL_CONVERSION = YES;
				CLANG_WARN_OBJC_ROOT_CLASS = YES_ERROR;
				CLANG_WARN_QUOTED_INCLUDE_IN_FRAMEWORK_HEADER = YES;
				CLANG_WARN_RANGE_LOOP_ANALYSIS = YES;
				CLANG_WARN_STRICT_PROTOTYPES = YES;
				CLANG_WARN_SUSPICIOUS_MOVE = YES;
				CLANG_WARN_UNGUARDED_AVAILABILITY = YES_AGGRESSIVE;
				CLANG_WARN_UNREACHABLE_CODE = YES;
				CLANG_WARN__DUPLICATE_METHOD_MATCH = YES;
				COPY_PHASE_STRIP = NO;
				DEBUG_INFORMATION_FORMAT = dwarf;
				ENABLE_STRICT_OBJC_MSGSEND = YES;
				ENABLE_TESTABILITY = YES;
				ENABLE_USER_SCRIPT_SANDBOXING = YES;
				GCC_C_LANGUAGE_STANDARD = gnu17;
				GCC_DYNAMIC_NO_PIC = NO;
				GCC_NO_COMMON_BLOCKS = YES;
				GCC_OPTIMIZATION_LEVEL = 0;
				GCC_PREPROCESSOR_DEFINITIONS = (
					"DEBUG=1",
					"$(inherited)",
				);
				GCC_WARN_64_TO_32_BIT_CONVERSION = YES;
				GCC_WARN_ABOUT_RETURN_TYPE = YES_ERROR;
				GCC_WARN_UNDECLARED_SELECTOR = YES;
				GCC_WARN_UNINITIALIZED_AUTOS = YES_AGGRESSIVE;
				GCC_WARN_UNUSED_FUNCTION = YES;
				GCC_WARN_UNUSED_VARIABLE = YES;
				IPHONEOS_DEPLOYMENT_TARGET = 17.2;
				LOCALIZATION_PREFERS_STRING_CATALOGS = YES;
				MTL_ENABLE_DEBUG_INFO = INCLUDE_SOURCE;
				MTL_FAST_MATH = YES;
				ONLY_ACTIVE_ARCH = YES;
				SDKROOT = iphoneos;
				SWIFT_ACTIVE_COMPILATION_CONDITIONS = "DEBUG $(inherited)";
				SWIFT_OPTIMIZATION_LEVEL = "-Onone";
			};
			name = Debug;
		};
		9435B3582BAC1D0500CF0C9E /* Release */ = {
			isa = XCBuildConfiguration;
			buildSettings = {
				ALWAYS_SEARCH_USER_PATHS = NO;
				ASSETCATALOG_COMPILER_GENERATE_SWIFT_ASSET_SYMBOL_EXTENSIONS = YES;
				CLANG_ANALYZER_NONNULL = YES;
				CLANG_ANALYZER_NUMBER_OBJECT_CONVERSION = YES_AGGRESSIVE;
				CLANG_CXX_LANGUAGE_STANDARD = "gnu++20";
				CLANG_ENABLE_MODULES = YES;
				CLANG_ENABLE_OBJC_ARC = YES;
				CLANG_ENABLE_OBJC_WEAK = YES;
				CLANG_WARN_BLOCK_CAPTURE_AUTORELEASING = YES;
				CLANG_WARN_BOOL_CONVERSION = YES;
				CLANG_WARN_COMMA = YES;
				CLANG_WARN_CONSTANT_CONVERSION = YES;
				CLANG_WARN_DEPRECATED_OBJC_IMPLEMENTATIONS = YES;
				CLANG_WARN_DIRECT_OBJC_ISA_USAGE = YES_ERROR;
				CLANG_WARN_DOCUMENTATION_COMMENTS = YES;
				CLANG_WARN_EMPTY_BODY = YES;
				CLANG_WARN_ENUM_CONVERSION = YES;
				CLANG_WARN_INFINITE_RECURSION = YES;
				CLANG_WARN_INT_CONVERSION = YES;
				CLANG_WARN_NON_LITERAL_NULL_CONVERSION = YES;
				CLANG_WARN_OBJC_IMPLICIT_RETAIN_SELF = YES;
				CLANG_WARN_OBJC_LITERAL_CONVERSION = YES;
				CLANG_WARN_OBJC_ROOT_CLASS = YES_ERROR;
				CLANG_WARN_QUOTED_INCLUDE_IN_FRAMEWORK_HEADER = YES;
				CLANG_WARN_RANGE_LOOP_ANALYSIS = YES;
				CLANG_WARN_STRICT_PROTOTYPES = YES;
				CLANG_WARN_SUSPICIOUS_MOVE = YES;
				CLANG_WARN_UNGUARDED_AVAILABILITY = YES_AGGRESSIVE;
				CLANG_WARN_UNREACHABLE_CODE = YES;
				CLANG_WARN__DUPLICATE_METHOD_MATCH = YES;
				COPY_PHASE_STRIP = NO;
				DEBUG_INFORMATION_FORMAT = "dwarf-with-dsym";
				ENABLE_NS_ASSERTIONS = NO;
				ENABLE_STRICT_OBJC_MSGSEND = YES;
				ENABLE_USER_SCRIPT_SANDBOXING = YES;
				GCC_C_LANGUAGE_STANDARD = gnu17;
				GCC_NO_COMMON_BLOCKS = YES;
				GCC_WARN_64_TO_32_BIT_CONVERSION = YES;
				GCC_WARN_ABOUT_RETURN_TYPE = YES_ERROR;
				GCC_WARN_UNDECLARED_SELECTOR = YES;
				GCC_WARN_UNINITIALIZED_AUTOS = YES_AGGRESSIVE;
				GCC_WARN_UNUSED_FUNCTION = YES;
				GCC_WARN_UNUSED_VARIABLE = YES;
				IPHONEOS_DEPLOYMENT_TARGET = 17.2;
				LOCALIZATION_PREFERS_STRING_CATALOGS = YES;
				MTL_ENABLE_DEBUG_INFO = NO;
				MTL_FAST_MATH = YES;
				SDKROOT = iphoneos;
				SWIFT_COMPILATION_MODE = wholemodule;
				VALIDATE_PRODUCT = YES;
			};
			name = Release;
		};
		9435B35A2BAC1D0500CF0C9E /* Debug */ = {
			isa = XCBuildConfiguration;
			buildSettings = {
				ASSETCATALOG_COMPILER_APPICON_NAME = AppIcon;
				ASSETCATALOG_COMPILER_GLOBAL_ACCENT_COLOR_NAME = AccentColor;
				CODE_SIGN_STYLE = Automatic;
				CURRENT_PROJECT_VERSION = 1;
				DEVELOPMENT_ASSET_PATHS = "\"miniPost/Preview Content\"";
				DEVELOPMENT_TEAM = 5YRV943L98;
				ENABLE_PREVIEWS = YES;
				GENERATE_INFOPLIST_FILE = YES;
				INFOPLIST_KEY_UIApplicationSceneManifest_Generation = YES;
				INFOPLIST_KEY_UIApplicationSupportsIndirectInputEvents = YES;
				INFOPLIST_KEY_UILaunchScreen_Generation = YES;
				INFOPLIST_KEY_UISupportedInterfaceOrientations_iPad = "UIInterfaceOrientationPortrait UIInterfaceOrientationPortraitUpsideDown UIInterfaceOrientationLandscapeLeft UIInterfaceOrientationLandscapeRight";
				INFOPLIST_KEY_UISupportedInterfaceOrientations_iPhone = "UIInterfaceOrientationPortrait UIInterfaceOrientationLandscapeLeft UIInterfaceOrientationLandscapeRight";
				LD_RUNPATH_SEARCH_PATHS = (
					"$(inherited)",
					"@executable_path/Frameworks",
				);
				MARKETING_VERSION = 1.0;
				PRODUCT_BUNDLE_IDENTIFIER = demoapp.miniPost;
				PRODUCT_NAME = "$(TARGET_NAME)";
				SWIFT_EMIT_LOC_STRINGS = YES;
				SWIFT_VERSION = 5.0;
				TARGETED_DEVICE_FAMILY = "1,2";
			};
			name = Debug;
		};
		9435B35B2BAC1D0500CF0C9E /* Release */ = {
			isa = XCBuildConfiguration;
			buildSettings = {
				ASSETCATALOG_COMPILER_APPICON_NAME = AppIcon;
				ASSETCATALOG_COMPILER_GLOBAL_ACCENT_COLOR_NAME = AccentColor;
				CODE_SIGN_STYLE = Automatic;
				CURRENT_PROJECT_VERSION = 1;
				DEVELOPMENT_ASSET_PATHS = "\"miniPost/Preview Content\"";
				DEVELOPMENT_TEAM = 5YRV943L98;
				ENABLE_PREVIEWS = YES;
				GENERATE_INFOPLIST_FILE = YES;
				INFOPLIST_KEY_UIApplicationSceneManifest_Generation = YES;
				INFOPLIST_KEY_UIApplicationSupportsIndirectInputEvents = YES;
				INFOPLIST_KEY_UILaunchScreen_Generation = YES;
				INFOPLIST_KEY_UISupportedInterfaceOrientations_iPad = "UIInterfaceOrientationPortrait UIInterfaceOrientationPortraitUpsideDown UIInterfaceOrientationLandscapeLeft UIInterfaceOrientationLandscapeRight";
				INFOPLIST_KEY_UISupportedInterfaceOrientations_iPhone = "UIInterfaceOrientationPortrait UIInterfaceOrientationLandscapeLeft UIInterfaceOrientationLandscapeRight";
				LD_RUNPATH_SEARCH_PATHS = (
					"$(inherited)",
					"@executable_path/Frameworks",
				);
				MARKETING_VERSION = 1.0;
				PRODUCT_BUNDLE_IDENTIFIER = demoapp.miniPost;
				PRODUCT_NAME = "$(TARGET_NAME)";
				SWIFT_EMIT_LOC_STRINGS = YES;
				SWIFT_VERSION = 5.0;
				TARGETED_DEVICE_FAMILY = "1,2";
			};
			name = Release;
		};
		9435B35D2BAC1D0500CF0C9E /* Debug */ = {
			isa = XCBuildConfiguration;
			buildSettings = {
				ALWAYS_EMBED_SWIFT_STANDARD_LIBRARIES = YES;
				BUNDLE_LOADER = "$(TEST_HOST)";
				CODE_SIGN_STYLE = Automatic;
				CURRENT_PROJECT_VERSION = 1;
				DEVELOPMENT_TEAM = 5YRV943L98;
				GENERATE_INFOPLIST_FILE = YES;
				IPHONEOS_DEPLOYMENT_TARGET = 17.2;
				MARKETING_VERSION = 1.0;
				PRODUCT_BUNDLE_IDENTIFIER = demoapp.miniPostTests;
				PRODUCT_NAME = "$(TARGET_NAME)";
				SWIFT_EMIT_LOC_STRINGS = NO;
				SWIFT_VERSION = 5.0;
				TARGETED_DEVICE_FAMILY = "1,2";
				TEST_HOST = "$(BUILT_PRODUCTS_DIR)/miniPost.app/$(BUNDLE_EXECUTABLE_FOLDER_PATH)/miniPost";
			};
			name = Debug;
		};
		9435B35E2BAC1D0500CF0C9E /* Release */ = {
			isa = XCBuildConfiguration;
			buildSettings = {
				ALWAYS_EMBED_SWIFT_STANDARD_LIBRARIES = YES;
				BUNDLE_LOADER = "$(TEST_HOST)";
				CODE_SIGN_STYLE = Automatic;
				CURRENT_PROJECT_VERSION = 1;
				DEVELOPMENT_TEAM = 5YRV943L98;
				GENERATE_INFOPLIST_FILE = YES;
				IPHONEOS_DEPLOYMENT_TARGET = 17.2;
				MARKETING_VERSION = 1.0;
				PRODUCT_BUNDLE_IDENTIFIER = demoapp.miniPostTests;
				PRODUCT_NAME = "$(TARGET_NAME)";
				SWIFT_EMIT_LOC_STRINGS = NO;
				SWIFT_VERSION = 5.0;
				TARGETED_DEVICE_FAMILY = "1,2";
				TEST_HOST = "$(BUILT_PRODUCTS_DIR)/miniPost.app/$(BUNDLE_EXECUTABLE_FOLDER_PATH)/miniPost";
			};
			name = Release;
		};
		9435B3602BAC1D0500CF0C9E /* Debug */ = {
			isa = XCBuildConfiguration;
			buildSettings = {
				ALWAYS_EMBED_SWIFT_STANDARD_LIBRARIES = YES;
				CODE_SIGN_STYLE = Automatic;
				CURRENT_PROJECT_VERSION = 1;
				DEVELOPMENT_TEAM = 5YRV943L98;
				GENERATE_INFOPLIST_FILE = YES;
				MARKETING_VERSION = 1.0;
				PRODUCT_BUNDLE_IDENTIFIER = demoapp.miniPostUITests;
				PRODUCT_NAME = "$(TARGET_NAME)";
				SWIFT_EMIT_LOC_STRINGS = NO;
				SWIFT_VERSION = 5.0;
				TARGETED_DEVICE_FAMILY = "1,2";
				TEST_TARGET_NAME = miniPost;
			};
			name = Debug;
		};
		9435B3612BAC1D0500CF0C9E /* Release */ = {
			isa = XCBuildConfiguration;
			buildSettings = {
				ALWAYS_EMBED_SWIFT_STANDARD_LIBRARIES = YES;
				CODE_SIGN_STYLE = Automatic;
				CURRENT_PROJECT_VERSION = 1;
				DEVELOPMENT_TEAM = 5YRV943L98;
				GENERATE_INFOPLIST_FILE = YES;
				MARKETING_VERSION = 1.0;
				PRODUCT_BUNDLE_IDENTIFIER = demoapp.miniPostUITests;
				PRODUCT_NAME = "$(TARGET_NAME)";
				SWIFT_EMIT_LOC_STRINGS = NO;
				SWIFT_VERSION = 5.0;
				TARGETED_DEVICE_FAMILY = "1,2";
				TEST_TARGET_NAME = miniPost;
			};
			name = Release;
		};
/* End XCBuildConfiguration section */

/* Begin XCConfigurationList section */
		9435B3302BAC1D0200CF0C9E /* Build configuration list for PBXProject "miniPost" */ = {
			isa = XCConfigurationList;
			buildConfigurations = (
				9435B3572BAC1D0500CF0C9E /* Debug */,
				9435B3582BAC1D0500CF0C9E /* Release */,
			);
			defaultConfigurationIsVisible = 0;
			defaultConfigurationName = Release;
		};
		9435B3592BAC1D0500CF0C9E /* Build configuration list for PBXNativeTarget "miniPost" */ = {
			isa = XCConfigurationList;
			buildConfigurations = (
				9435B35A2BAC1D0500CF0C9E /* Debug */,
				9435B35B2BAC1D0500CF0C9E /* Release */,
			);
			defaultConfigurationIsVisible = 0;
			defaultConfigurationName = Release;
		};
		9435B35C2BAC1D0500CF0C9E /* Build configuration list for PBXNativeTarget "miniPostTests" */ = {
			isa = XCConfigurationList;
			buildConfigurations = (
				9435B35D2BAC1D0500CF0C9E /* Debug */,
				9435B35E2BAC1D0500CF0C9E /* Release */,
			);
			defaultConfigurationIsVisible = 0;
			defaultConfigurationName = Release;
		};
		9435B35F2BAC1D0500CF0C9E /* Build configuration list for PBXNativeTarget "miniPostUITests" */ = {
			isa = XCConfigurationList;
			buildConfigurations = (
				9435B3602BAC1D0500CF0C9E /* Debug */,
				9435B3612BAC1D0500CF0C9E /* Release */,
			);
			defaultConfigurationIsVisible = 0;
			defaultConfigurationName = Release;
		};
/* End XCConfigurationList section */
	};
	rootObject = 9435B32D2BAC1D0200CF0C9E /* Project object */;
}
