// !$*UTF8*$!
{
	archiveVersion = 1;
	classes = {
	};
	objectVersion = 56;
	objects = {

/* Begin PBXBuildFile section */
		35600BD22BD7F92900FE6753 /* UserServiceFail.swift in Sources */ = {isa = PBXBuildFile; fileRef = 35600BD12BD7F92900FE6753 /* UserServiceFail.swift */; };
		35600BD42BD7F93400FE6753 /* UserServiceSuccess.swift in Sources */ = {isa = PBXBuildFile; fileRef = 35600BD32BD7F93400FE6753 /* UserServiceSuccess.swift */; };
		35600BD62BD7F93C00FE6753 /* PostServiceFail.swift in Sources */ = {isa = PBXBuildFile; fileRef = 35600BD52BD7F93C00FE6753 /* PostServiceFail.swift */; };
		35600BD82BD7F94400FE6753 /* PostServiceSuccess.swift in Sources */ = {isa = PBXBuildFile; fileRef = 35600BD72BD7F94400FE6753 /* PostServiceSuccess.swift */; };
		35600BDA2BD7FA9200FE6753 /* PostsViewModelTests.swift in Sources */ = {isa = PBXBuildFile; fileRef = 35600BD92BD7FA9200FE6753 /* PostsViewModelTests.swift */; };
		35600BDC2BD7FAB000FE6753 /* UsersViewModelTests.swift in Sources */ = {isa = PBXBuildFile; fileRef = 35600BDB2BD7FAB000FE6753 /* UsersViewModelTests.swift */; };
		35600BDE2BD7FABB00FE6753 /* ProfileViewModelTests.swift in Sources */ = {isa = PBXBuildFile; fileRef = 35600BDD2BD7FABB00FE6753 /* ProfileViewModelTests.swift */; };
		35D61BA22BD7DC2A00648BED /* User.swift in Sources */ = {isa = PBXBuildFile; fileRef = 35D61BA12BD7DC2A00648BED /* User.swift */; };
		35D61BA42BD7DD3500648BED /* AppPantry.swift in Sources */ = {isa = PBXBuildFile; fileRef = 35D61BA32BD7DD3500648BED /* AppPantry.swift */; };
		35D61BA72BD7DDE200648BED /* APIError.swift in Sources */ = {isa = PBXBuildFile; fileRef = 35D61BA62BD7DDE200648BED /* APIError.swift */; };
		35D61BA92BD7DE0000648BED /* UsersRequest.swift in Sources */ = {isa = PBXBuildFile; fileRef = 35D61BA82BD7DE0000648BED /* UsersRequest.swift */; };
		35D61BAC2BD7DE2400648BED /* APIRequest.swift in Sources */ = {isa = PBXBuildFile; fileRef = 35D61BAB2BD7DE2400648BED /* APIRequest.swift */; };
		35D61BAE2BD7DE8C00648BED /* PostsRequest.swift in Sources */ = {isa = PBXBuildFile; fileRef = 35D61BAD2BD7DE8C00648BED /* PostsRequest.swift */; };
		35D61BB02BD7DF0200648BED /* UserDetailsRequest.swift in Sources */ = {isa = PBXBuildFile; fileRef = 35D61BAF2BD7DF0200648BED /* UserDetailsRequest.swift */; };
		35D61BB32BD7E00000648BED /* UserService.swift in Sources */ = {isa = PBXBuildFile; fileRef = 35D61BB22BD7E00000648BED /* UserService.swift */; };
		35D61BB52BD7E00C00648BED /* PostService.swift in Sources */ = {isa = PBXBuildFile; fileRef = 35D61BB42BD7E00C00648BED /* PostService.swift */; };
		35D61BB82BD7E1F600648BED /* MenuItem.swift in Sources */ = {isa = PBXBuildFile; fileRef = 35D61BB72BD7E1F600648BED /* MenuItem.swift */; };
		35D61BBA2BD7E2CA00648BED /* UsersView.swift in Sources */ = {isa = PBXBuildFile; fileRef = 35D61BB92BD7E2CA00648BED /* UsersView.swift */; };
		35D61BBE2BD7E82E00648BED /* MainMenuView.swift in Sources */ = {isa = PBXBuildFile; fileRef = 35D61BBD2BD7E82E00648BED /* MainMenuView.swift */; };
		35D61BC02BD7E88900648BED /* PostsViewModel.swift in Sources */ = {isa = PBXBuildFile; fileRef = 35D61BBF2BD7E88900648BED /* PostsViewModel.swift */; };
		35D61BC22BD7E92E00648BED /* PostUIModel.swift in Sources */ = {isa = PBXBuildFile; fileRef = 35D61BC12BD7E92E00648BED /* PostUIModel.swift */; };
		35D61BC42BD7F03D00648BED /* UsersViewModel.swift in Sources */ = {isa = PBXBuildFile; fileRef = 35D61BC32BD7F03D00648BED /* UsersViewModel.swift */; };
		35D61BC62BD7F4D300648BED /* ProfileViewModel.swift in Sources */ = {isa = PBXBuildFile; fileRef = 35D61BC52BD7F4D300648BED /* ProfileViewModel.swift */; };
		9435B3392BAC1D0200CF0C9E /* miniPostApp.swift in Sources */ = {isa = PBXBuildFile; fileRef = 9435B3382BAC1D0200CF0C9E /* miniPostApp.swift */; };
		9435B33D2BAC1D0400CF0C9E /* Assets.xcassets in Resources */ = {isa = PBXBuildFile; fileRef = 9435B33C2BAC1D0400CF0C9E /* Assets.xcassets */; };
		9435B3402BAC1D0400CF0C9E /* Preview Assets.xcassets in Resources */ = {isa = PBXBuildFile; fileRef = 9435B33F2BAC1D0400CF0C9E /* Preview Assets.xcassets */; };
		9435B34A2BAC1D0500CF0C9E /* miniPostTests.swift in Sources */ = {isa = PBXBuildFile; fileRef = 9435B3492BAC1D0500CF0C9E /* miniPostTests.swift */; };
		9435B3542BAC1D0500CF0C9E /* miniPostUITests.swift in Sources */ = {isa = PBXBuildFile; fileRef = 9435B3532BAC1D0500CF0C9E /* miniPostUITests.swift */; };
		9435B3562BAC1D0500CF0C9E /* miniPostUITestsLaunchTests.swift in Sources */ = {isa = PBXBuildFile; fileRef = 9435B3552BAC1D0500CF0C9E /* miniPostUITestsLaunchTests.swift */; };
		9435B36E2BAC1D3200CF0C9E /* ProfileView.swift in Sources */ = {isa = PBXBuildFile; fileRef = 9435B3682BAC1D3200CF0C9E /* ProfileView.swift */; };
		948652D22BAD9DCD00D3B5E5 /* PostsView.swift in Sources */ = {isa = PBXBuildFile; fileRef = 948652D12BAD9DCD00D3B5E5 /* PostsView.swift */; };
		948652D42BAD9E3C00D3B5E5 /* Post.swift in Sources */ = {isa = PBXBuildFile; fileRef = 948652D32BAD9E3C00D3B5E5 /* Post.swift */; };
/* End PBXBuildFile section */

/* Begin PBXContainerItemProxy section */
		9435B3462BAC1D0500CF0C9E /* PBXContainerItemProxy */ = {
			isa = PBXContainerItemProxy;
			containerPortal = 9435B32D2BAC1D0200CF0C9E /* Project object */;
			proxyType = 1;
			remoteGlobalIDString = 9435B3342BAC1D0200CF0C9E;
			remoteInfo = miniPost;
		};
		9435B3502BAC1D0500CF0C9E /* PBXContainerItemProxy */ = {
			isa = PBXContainerItemProxy;
			containerPortal = 9435B32D2BAC1D0200CF0C9E /* Project object */;
			proxyType = 1;
			remoteGlobalIDString = 9435B3342BAC1D0200CF0C9E;
			remoteInfo = miniPost;
		};
/* End PBXContainerItemProxy section */

/* Begin PBXFileReference section */
		35600BD12BD7F92900FE6753 /* UserServiceFail.swift */ = {isa = PBXFileReference; lastKnownFileType = sourcecode.swift; path = UserServiceFail.swift; sourceTree = "<group>"; };
		35600BD32BD7F93400FE6753 /* UserServiceSuccess.swift */ = {isa = PBXFileReference; lastKnownFileType = sourcecode.swift; path = UserServiceSuccess.swift; sourceTree = "<group>"; };
		35600BD52BD7F93C00FE6753 /* PostServiceFail.swift */ = {isa = PBXFileReference; lastKnownFileType = sourcecode.swift; path = PostServiceFail.swift; sourceTree = "<group>"; };
		35600BD72BD7F94400FE6753 /* PostServiceSuccess.swift */ = {isa = PBXFileReference; lastKnownFileType = sourcecode.swift; path = PostServiceSuccess.swift; sourceTree = "<group>"; };
		35600BD92BD7FA9200FE6753 /* PostsViewModelTests.swift */ = {isa = PBXFileReference; lastKnownFileType = sourcecode.swift; path = PostsViewModelTests.swift; sourceTree = "<group>"; };
		35600BDB2BD7FAB000FE6753 /* UsersViewModelTests.swift */ = {isa = PBXFileReference; lastKnownFileType = sourcecode.swift; path = UsersViewModelTests.swift; sourceTree = "<group>"; };
		35600BDD2BD7FABB00FE6753 /* ProfileViewModelTests.swift */ = {isa = PBXFileReference; lastKnownFileType = sourcecode.swift; path = ProfileViewModelTests.swift; sourceTree = "<group>"; };
		35D61BA12BD7DC2A00648BED /* User.swift */ = {isa = PBXFileReference; lastKnownFileType = sourcecode.swift; path = User.swift; sourceTree = "<group>"; };
		35D61BA32BD7DD3500648BED /* AppPantry.swift */ = {isa = PBXFileReference; lastKnownFileType = sourcecode.swift; path = AppPantry.swift; sourceTree = "<group>"; };
		35D61BA62BD7DDE200648BED /* APIError.swift */ = {isa = PBXFileReference; lastKnownFileType = sourcecode.swift; path = APIError.swift; sourceTree = "<group>"; };
		35D61BA82BD7DE0000648BED /* UsersRequest.swift */ = {isa = PBXFileReference; lastKnownFileType = sourcecode.swift; path = UsersRequest.swift; sourceTree = "<group>"; };
		35D61BAB2BD7DE2400648BED /* APIRequest.swift */ = {isa = PBXFileReference; lastKnownFileType = sourcecode.swift; path = APIRequest.swift; sourceTree = "<group>"; };
		35D61BAD2BD7DE8C00648BED /* PostsRequest.swift */ = {isa = PBXFileReference; lastKnownFileType = sourcecode.swift; path = PostsRequest.swift; sourceTree = "<group>"; };
		35D61BAF2BD7DF0200648BED /* UserDetailsRequest.swift */ = {isa = PBXFileReference; lastKnownFileType = sourcecode.swift; path = UserDetailsRequest.swift; sourceTree = "<group>"; };
		35D61BB22BD7E00000648BED /* UserService.swift */ = {isa = PBXFileReference; lastKnownFileType = sourcecode.swift; path = UserService.swift; sourceTree = "<group>"; };
		35D61BB42BD7E00C00648BED /* PostService.swift */ = {isa = PBXFileReference; lastKnownFileType = sourcecode.swift; path = PostService.swift; sourceTree = "<group>"; };
		35D61BB72BD7E1F600648BED /* MenuItem.swift */ = {isa = PBXFileReference; lastKnownFileType = sourcecode.swift; path = MenuItem.swift; sourceTree = "<group>"; };
		35D61BB92BD7E2CA00648BED /* UsersView.swift */ = {isa = PBXFileReference; lastKnownFileType = sourcecode.swift; path = UsersView.swift; sourceTree = "<group>"; };
		35D61BBD2BD7E82E00648BED /* MainMenuView.swift */ = {isa = PBXFileReference; lastKnownFileType = sourcecode.swift; path = MainMenuView.swift; sourceTree = "<group>"; };
		35D61BBF2BD7E88900648BED /* PostsViewModel.swift */ = {isa = PBXFileReference; lastKnownFileType = sourcecode.swift; path = PostsViewModel.swift; sourceTree = "<group>"; };
		35D61BC12BD7E92E00648BED /* PostUIModel.swift */ = {isa = PBXFileReference; lastKnownFileType = sourcecode.swift; path = PostUIModel.swift; sourceTree = "<group>"; };
		35D61BC32BD7F03D00648BED /* UsersViewModel.swift */ = {isa = PBXFileReference; lastKnownFileType = sourcecode.swift; path = UsersViewModel.swift; sourceTree = "<group>"; };
		35D61BC52BD7F4D300648BED /* ProfileViewModel.swift */ = {isa = PBXFileReference; lastKnownFileType = sourcecode.swift; path = ProfileViewModel.swift; sourceTree = "<group>"; };
		9435B3352BAC1D0200CF0C9E /* miniPost.app */ = {isa = PBXFileReference; explicitFileType = wrapper.application; includeInIndex = 0; path = miniPost.app; sourceTree = BUILT_PRODUCTS_DIR; };
		9435B3382BAC1D0200CF0C9E /* miniPostApp.swift */ = {isa = PBXFileReference; lastKnownFileType = sourcecode.swift; path = miniPostApp.swift; sourceTree = "<group>"; };
		9435B33C2BAC1D0400CF0C9E /* Assets.xcassets */ = {isa = PBXFileReference; lastKnownFileType = folder.assetcatalog; path = Assets.xcassets; sourceTree = "<group>"; };
		9435B33F2BAC1D0400CF0C9E /* Preview Assets.xcassets */ = {isa = PBXFileReference; lastKnownFileType = folder.assetcatalog; path = "Preview Assets.xcassets"; sourceTree = "<group>"; };
		9435B3452BAC1D0500CF0C9E /* miniPostTests.xctest */ = {isa = PBXFileReference; explicitFileType = wrapper.cfbundle; includeInIndex = 0; path = miniPostTests.xctest; sourceTree = BUILT_PRODUCTS_DIR; };
		9435B3492BAC1D0500CF0C9E /* miniPostTests.swift */ = {isa = PBXFileReference; lastKnownFileType = sourcecode.swift; path = miniPostTests.swift; sourceTree = "<group>"; };
		9435B34F2BAC1D0500CF0C9E /* miniPostUITests.xctest */ = {isa = PBXFileReference; explicitFileType = wrapper.cfbundle; includeInIndex = 0; path = miniPostUITests.xctest; sourceTree = BUILT_PRODUCTS_DIR; };
		9435B3532BAC1D0500CF0C9E /* miniPostUITests.swift */ = {isa = PBXFileReference; lastKnownFileType = sourcecode.swift; path = miniPostUITests.swift; sourceTree = "<group>"; };
		9435B3552BAC1D0500CF0C9E /* miniPostUITestsLaunchTests.swift */ = {isa = PBXFileReference; lastKnownFileType = sourcecode.swift; path = miniPostUITestsLaunchTests.swift; sourceTree = "<group>"; };
		9435B3682BAC1D3200CF0C9E /* ProfileView.swift */ = {isa = PBXFileReference; fileEncoding = 4; lastKnownFileType = sourcecode.swift; path = ProfileView.swift; sourceTree = "<group>"; };
		948652D12BAD9DCD00D3B5E5 /* PostsView.swift */ = {isa = PBXFileReference; lastKnownFileType = sourcecode.swift; path = PostsView.swift; sourceTree = "<group>"; };
		948652D32BAD9E3C00D3B5E5 /* Post.swift */ = {isa = PBXFileReference; lastKnownFileType = sourcecode.swift; path = Post.swift; sourceTree = "<group>"; };
/* End PBXFileReference section */

/* Begin PBXFrameworksBuildPhase section */
		9435B3322BAC1D0200CF0C9E /* Frameworks */ = {
			isa = PBXFrameworksBuildPhase;
			buildActionMask = 2147483647;
			files = (
			);
			runOnlyForDeploymentPostprocessing = 0;
		};
		9435B3422BAC1D0500CF0C9E /* Frameworks */ = {
			isa = PBXFrameworksBuildPhase;
			buildActionMask = 2147483647;
			files = (
			);
			runOnlyForDeploymentPostprocessing = 0;
		};
		9435B34C2BAC1D0500CF0C9E /* Frameworks */ = {
			isa = PBXFrameworksBuildPhase;
			buildActionMask = 2147483647;
			files = (
			);
			runOnlyForDeploymentPostprocessing = 0;
		};
/* End PBXFrameworksBuildPhase section */

/* Begin PBXGroup section */
		35600BD02BD7F91900FE6753 /* Mock */ = {
			isa = PBXGroup;
			children = (
				35600BD12BD7F92900FE6753 /* UserServiceFail.swift */,
				35600BD32BD7F93400FE6753 /* UserServiceSuccess.swift */,
				35600BD52BD7F93C00FE6753 /* PostServiceFail.swift */,
				35600BD72BD7F94400FE6753 /* PostServiceSuccess.swift */,
			);
			path = Mock;
			sourceTree = "<group>";
		};
		35D61BA52BD7DD6A00648BED /* Network */ = {
			isa = PBXGroup;
			children = (
				35D61BAA2BD7DE0400648BED /* Requests */,
				35D61BA62BD7DDE200648BED /* APIError.swift */,
				35D61BAB2BD7DE2400648BED /* APIRequest.swift */,
			);
			path = Network;
			sourceTree = "<group>";
		};
		35D61BAA2BD7DE0400648BED /* Requests */ = {
			isa = PBXGroup;
			children = (
				35D61BA82BD7DE0000648BED /* UsersRequest.swift */,
				35D61BAD2BD7DE8C00648BED /* PostsRequest.swift */,
				35D61BAF2BD7DF0200648BED /* UserDetailsRequest.swift */,
			);
			path = Requests;
			sourceTree = "<group>";
		};
		35D61BB12BD7DFEB00648BED /* Services */ = {
			isa = PBXGroup;
			children = (
				35D61BB22BD7E00000648BED /* UserService.swift */,
				35D61BB42BD7E00C00648BED /* PostService.swift */,
			);
			path = Services;
			sourceTree = "<group>";
		};
		35D61BB62BD7E1E700648BED /* MainView */ = {
			isa = PBXGroup;
			children = (
				35D61BBD2BD7E82E00648BED /* MainMenuView.swift */,
			);
			path = MainView;
			sourceTree = "<group>";
		};
		35D61BBC2BD7E4AB00648BED /* App */ = {
			isa = PBXGroup;
			children = (
				9435B3382BAC1D0200CF0C9E /* miniPostApp.swift */,
			);
			path = App;
			sourceTree = "<group>";
		};
		9435B32C2BAC1D0200CF0C9E = {
			isa = PBXGroup;
			children = (
				9435B3372BAC1D0200CF0C9E /* miniPost */,
				9435B3482BAC1D0500CF0C9E /* miniPostTests */,
				9435B3522BAC1D0500CF0C9E /* miniPostUITests */,
				9435B3362BAC1D0200CF0C9E /* Products */,
			);
			sourceTree = "<group>";
		};
		9435B3362BAC1D0200CF0C9E /* Products */ = {
			isa = PBXGroup;
			children = (
				9435B3352BAC1D0200CF0C9E /* miniPost.app */,
				9435B3452BAC1D0500CF0C9E /* miniPostTests.xctest */,
				9435B34F2BAC1D0500CF0C9E /* miniPostUITests.xctest */,
			);
			name = Products;
			sourceTree = "<group>";
		};
		9435B3372BAC1D0200CF0C9E /* miniPost */ = {
			isa = PBXGroup;
			children = (
				35D61BA32BD7DD3500648BED /* AppPantry.swift */,
				35D61BB12BD7DFEB00648BED /* Services */,
				35D61BA52BD7DD6A00648BED /* Network */,
				9435B3622BAC1D3200CF0C9E /* Models */,
				9435B3632BAC1D3200CF0C9E /* Modules */,
				9435B33C2BAC1D0400CF0C9E /* Assets.xcassets */,
				9435B33E2BAC1D0400CF0C9E /* Preview Content */,
			);
			path = miniPost;
			sourceTree = "<group>";
		};
		9435B33E2BAC1D0400CF0C9E /* Preview Content */ = {
			isa = PBXGroup;
			children = (
				9435B33F2BAC1D0400CF0C9E /* Preview Assets.xcassets */,
			);
			path = "Preview Content";
			sourceTree = "<group>";
		};
		9435B3482BAC1D0500CF0C9E /* miniPostTests */ = {
			isa = PBXGroup;
			children = (
				35600BD02BD7F91900FE6753 /* Mock */,
				9435B3492BAC1D0500CF0C9E /* miniPostTests.swift */,
				35600BD92BD7FA9200FE6753 /* PostsViewModelTests.swift */,
				35600BDB2BD7FAB000FE6753 /* UsersViewModelTests.swift */,
				35600BDD2BD7FABB00FE6753 /* ProfileViewModelTests.swift */,
			);
			path = miniPostTests;
			sourceTree = "<group>";
		};
		9435B3522BAC1D0500CF0C9E /* miniPostUITests */ = {
			isa = PBXGroup;
			children = (
				9435B3532BAC1D0500CF0C9E /* miniPostUITests.swift */,
				9435B3552BAC1D0500CF0C9E /* miniPostUITestsLaunchTests.swift */,
			);
			path = miniPostUITests;
			sourceTree = "<group>";
		};
		9435B3622BAC1D3200CF0C9E /* Models */ = {
			isa = PBXGroup;
			children = (
				948652D32BAD9E3C00D3B5E5 /* Post.swift */,
				35D61BA12BD7DC2A00648BED /* User.swift */,
				35D61BB72BD7E1F600648BED /* MenuItem.swift */,
				35D61BC12BD7E92E00648BED /* PostUIModel.swift */,
			);
			path = Models;
			sourceTree = "<group>";
		};
		9435B3632BAC1D3200CF0C9E /* Modules */ = {
			isa = PBXGroup;
			children = (
				35D61BBC2BD7E4AB00648BED /* App */,
				35D61BB62BD7E1E700648BED /* MainView */,
				948652D02BAD9D9300D3B5E5 /* Posts */,
				948652CF2BAD9D8100D3B5E5 /* Users */,
				9435B3642BAC1D3200CF0C9E /* Profile */,
			);
			path = Modules;
			sourceTree = "<group>";
		};
		9435B3642BAC1D3200CF0C9E /* Profile */ = {
			isa = PBXGroup;
			children = (
				9435B3682BAC1D3200CF0C9E /* ProfileView.swift */,
				35D61BC52BD7F4D300648BED /* ProfileViewModel.swift */,
			);
			path = Profile;
			sourceTree = "<group>";
		};
		948652CF2BAD9D8100D3B5E5 /* Users */ = {
			isa = PBXGroup;
			children = (
				35D61BB92BD7E2CA00648BED /* UsersView.swift */,
				35D61BC32BD7F03D00648BED /* UsersViewModel.swift */,
			);
			path = Users;
			sourceTree = "<group>";
		};
		948652D02BAD9D9300D3B5E5 /* Posts */ = {
			isa = PBXGroup;
			children = (
				948652D12BAD9DCD00D3B5E5 /* PostsView.swift */,
				35D61BBF2BD7E88900648BED /* PostsViewModel.swift */,
			);
			path = Posts;
			sourceTree = "<group>";
		};
/* End PBXGroup section */

/* Begin PBXNativeTarget section */
		9435B3342BAC1D0200CF0C9E /* miniPost */ = {
			isa = PBXNativeTarget;
			buildConfigurationList = 9435B3592BAC1D0500CF0C9E /* Build configuration list for PBXNativeTarget "miniPost" */;
			buildPhases = (
				9435B3312BAC1D0200CF0C9E /* Sources */,
				9435B3322BAC1D0200CF0C9E /* Frameworks */,
				9435B3332BAC1D0200CF0C9E /* Resources */,
			);
			buildRules = (
			);
			dependencies = (
			);
			name = miniPost;
			productName = miniPost;
			productReference = 9435B3352BAC1D0200CF0C9E /* miniPost.app */;
			productType = "com.apple.product-type.application";
		};
		9435B3442BAC1D0500CF0C9E /* miniPostTests */ = {
			isa = PBXNativeTarget;
			buildConfigurationList = 9435B35C2BAC1D0500CF0C9E /* Build configuration list for PBXNativeTarget "miniPostTests" */;
			buildPhases = (
				9435B3412BAC1D0500CF0C9E /* Sources */,
				9435B3422BAC1D0500CF0C9E /* Frameworks */,
				9435B3432BAC1D0500CF0C9E /* Resources */,
			);
			buildRules = (
			);
			dependencies = (
				9435B3472BAC1D0500CF0C9E /* PBXTargetDependency */,
			);
			name = miniPostTests;
			productName = miniPostTests;
			productReference = 9435B3452BAC1D0500CF0C9E /* miniPostTests.xctest */;
			productType = "com.apple.product-type.bundle.unit-test";
		};
		9435B34E2BAC1D0500CF0C9E /* miniPostUITests */ = {
			isa = PBXNativeTarget;
			buildConfigurationList = 9435B35F2BAC1D0500CF0C9E /* Build configuration list for PBXNativeTarget "miniPostUITests" */;
			buildPhases = (
				9435B34B2BAC1D0500CF0C9E /* Sources */,
				9435B34C2BAC1D0500CF0C9E /* Frameworks */,
				9435B34D2BAC1D0500CF0C9E /* Resources */,
			);
			buildRules = (
			);
			dependencies = (
				9435B3512BAC1D0500CF0C9E /* PBXTargetDependency */,
			);
			name = miniPostUITests;
			productName = miniPostUITests;
			productReference = 9435B34F2BAC1D0500CF0C9E /* miniPostUITests.xctest */;
			productType = "com.apple.product-type.bundle.ui-testing";
		};
/* End PBXNativeTarget section */

/* Begin PBXProject section */
		9435B32D2BAC1D0200CF0C9E /* Project object */ = {
			isa = PBXProject;
			attributes = {
				BuildIndependentTargetsInParallel = 1;
				LastSwiftUpdateCheck = 1520;
				LastUpgradeCheck = 1520;
				TargetAttributes = {
					9435B3342BAC1D0200CF0C9E = {
						CreatedOnToolsVersion = 15.2;
					};
					9435B3442BAC1D0500CF0C9E = {
						CreatedOnToolsVersion = 15.2;
						TestTargetID = 9435B3342BAC1D0200CF0C9E;
					};
					9435B34E2BAC1D0500CF0C9E = {
						CreatedOnToolsVersion = 15.2;
						TestTargetID = 9435B3342BAC1D0200CF0C9E;
					};
				};
			};
			buildConfigurationList = 9435B3302BAC1D0200CF0C9E /* Build configuration list for PBXProject "miniPost" */;
			compatibilityVersion = "Xcode 14.0";
			developmentRegion = en;
			hasScannedForEncodings = 0;
			knownRegions = (
				en,
				Base,
			);
			mainGroup = 9435B32C2BAC1D0200CF0C9E;
			productRefGroup = 9435B3362BAC1D0200CF0C9E /* Products */;
			projectDirPath = "";
			projectRoot = "";
			targets = (
				9435B3342BAC1D0200CF0C9E /* miniPost */,
				9435B3442BAC1D0500CF0C9E /* miniPostTests */,
				9435B34E2BAC1D0500CF0C9E /* miniPostUITests */,
			);
		};
/* End PBXProject section */

/* Begin PBXResourcesBuildPhase section */
		9435B3332BAC1D0200CF0C9E /* Resources */ = {
			isa = PBXResourcesBuildPhase;
			buildActionMask = 2147483647;
			files = (
				9435B3402BAC1D0400CF0C9E /* Preview Assets.xcassets in Resources */,
				9435B33D2BAC1D0400CF0C9E /* Assets.xcassets in Resources */,
			);
			runOnlyForDeploymentPostprocessing = 0;
		};
		9435B3432BAC1D0500CF0C9E /* Resources */ = {
			isa = PBXResourcesBuildPhase;
			buildActionMask = 2147483647;
			files = (
			);
			runOnlyForDeploymentPostprocessing = 0;
		};
		9435B34D2BAC1D0500CF0C9E /* Resources */ = {
			isa = PBXResourcesBuildPhase;
			buildActionMask = 2147483647;
			files = (
			);
			runOnlyForDeploymentPostprocessing = 0;
		};
/* End PBXResourcesBuildPhase section */

/* Begin PBXSourcesBuildPhase section */
		9435B3312BAC1D0200CF0C9E /* Sources */ = {
			isa = PBXSourcesBuildPhase;
			buildActionMask = 2147483647;
			files = (
				35D61BC02BD7E88900648BED /* PostsViewModel.swift in Sources */,
				9435B36E2BAC1D3200CF0C9E /* ProfileView.swift in Sources */,
				948652D22BAD9DCD00D3B5E5 /* PostsView.swift in Sources */,
				35D61BBE2BD7E82E00648BED /* MainMenuView.swift in Sources */,
				35D61BAE2BD7DE8C00648BED /* PostsRequest.swift in Sources */,
				35D61BB52BD7E00C00648BED /* PostService.swift in Sources */,
				35D61BB02BD7DF0200648BED /* UserDetailsRequest.swift in Sources */,
				948652D42BAD9E3C00D3B5E5 /* Post.swift in Sources */,
				35D61BBA2BD7E2CA00648BED /* UsersView.swift in Sources */,
				35D61BA22BD7DC2A00648BED /* User.swift in Sources */,
				35D61BA42BD7DD3500648BED /* AppPantry.swift in Sources */,
				35D61BB32BD7E00000648BED /* UserService.swift in Sources */,
				35D61BC42BD7F03D00648BED /* UsersViewModel.swift in Sources */,
				35D61BA72BD7DDE200648BED /* APIError.swift in Sources */,
				35D61BC62BD7F4D300648BED /* ProfileViewModel.swift in Sources */,
				35D61BA92BD7DE0000648BED /* UsersRequest.swift in Sources */,
				9435B3392BAC1D0200CF0C9E /* miniPostApp.swift in Sources */,
				35D61BC22BD7E92E00648BED /* PostUIModel.swift in Sources */,
				35D61BB82BD7E1F600648BED /* MenuItem.swift in Sources */,
				35D61BAC2BD7DE2400648BED /* APIRequest.swift in Sources */,
			);
			runOnlyForDeploymentPostprocessing = 0;
		};
		9435B3412BAC1D0500CF0C9E /* Sources */ = {
			isa = PBXSourcesBuildPhase;
			buildActionMask = 2147483647;
			files = (
				35600BDA2BD7FA9200FE6753 /* PostsViewModelTests.swift in Sources */,
				35600BDC2BD7FAB000FE6753 /* UsersViewModelTests.swift in Sources */,
				35600BD82BD7F94400FE6753 /* PostServiceSuccess.swift in Sources */,
				35600BD42BD7F93400FE6753 /* UserServiceSuccess.swift in Sources */,
				35600BD22BD7F92900FE6753 /* UserServiceFail.swift in Sources */,
				9435B34A2BAC1D0500CF0C9E /* miniPostTests.swift in Sources */,
				35600BDE2BD7FABB00FE6753 /* ProfileViewModelTests.swift in Sources */,
				35600BD62BD7F93C00FE6753 /* PostServiceFail.swift in Sources */,
			);
			runOnlyForDeploymentPostprocessing = 0;
		};
		9435B34B2BAC1D0500CF0C9E /* Sources */ = {
			isa = PBXSourcesBuildPhase;
			buildActionMask = 2147483647;
			files = (
				9435B3562BAC1D0500CF0C9E /* miniPostUITestsLaunchTests.swift in Sources */,
				9435B3542BAC1D0500CF0C9E /* miniPostUITests.swift in Sources */,
			);
			runOnlyForDeploymentPostprocessing = 0;
		};
/* End PBXSourcesBuildPhase section */

/* Begin PBXTargetDependency section */
		9435B3472BAC1D0500CF0C9E /* PBXTargetDependency */ = {
			isa = PBXTargetDependency;
			target = 9435B3342BAC1D0200CF0C9E /* miniPost */;
			targetProxy = 9435B3462BAC1D0500CF0C9E /* PBXContainerItemProxy */;
		};
		9435B3512BAC1D0500CF0C9E /* PBXTargetDependency */ = {
			isa = PBXTargetDependency;
			target = 9435B3342BAC1D0200CF0C9E /* miniPost */;
			targetProxy = 9435B3502BAC1D0500CF0C9E /* PBXContainerItemProxy */;
		};
/* End PBXTargetDependency section */

/* Begin XCBuildConfiguration section */
		9435B3572BAC1D0500CF0C9E /* Debug */ = {
			isa = XCBuildConfiguration;
			buildSettings = {
				ALWAYS_SEARCH_USER_PATHS = NO;
				ASSETCATALOG_COMPILER_GENERATE_SWIFT_ASSET_SYMBOL_EXTENSIONS = YES;
				CLANG_ANALYZER_NONNULL = YES;
				CLANG_ANALYZER_NUMBER_OBJECT_CONVERSION = YES_AGGRESSIVE;
				CLANG_CXX_LANGUAGE_STANDARD = "gnu++20";
				CLANG_ENABLE_MODULES = YES;
				CLANG_ENABLE_OBJC_ARC = YES;
				CLANG_ENABLE_OBJC_WEAK = YES;
				CLANG_WARN_BLOCK_CAPTURE_AUTORELEASING = YES;
				CLANG_WARN_BOOL_CONVERSION = YES;
				CLANG_WARN_COMMA = YES;
				CLANG_WARN_CONSTANT_CONVERSION = YES;
				CLANG_WARN_DEPRECATED_OBJC_IMPLEMENTATIONS = YES;
				CLANG_WARN_DIRECT_OBJC_ISA_USAGE = YES_ERROR;
				CLANG_WARN_DOCUMENTATION_COMMENTS = YES;
				CLANG_WARN_EMPTY_BODY = YES;
				CLANG_WARN_ENUM_CONVERSION = YES;
				CLANG_WARN_INFINITE_RECURSION = YES;
				CLANG_WARN_INT_CONVERSION = YES;
				CLANG_WARN_NON_LITERAL_NULL_CONVERSION = YES;
				CLANG_WARN_OBJC_IMPLICIT_RETAIN_SELF = YES;
				CLANG_WARN_OBJC_LITERAL_CONVERSION = YES;
				CLANG_WARN_OBJC_ROOT_CLASS = YES_ERROR;
				CLANG_WARN_QUOTED_INCLUDE_IN_FRAMEWORK_HEADER = YES;
				CLANG_WARN_RANGE_LOOP_ANALYSIS = YES;
				CLANG_WARN_STRICT_PROTOTYPES = YES;
				CLANG_WARN_SUSPICIOUS_MOVE = YES;
				CLANG_WARN_UNGUARDED_AVAILABILITY = YES_AGGRESSIVE;
				CLANG_WARN_UNREACHABLE_CODE = YES;
				CLANG_WARN__DUPLICATE_METHOD_MATCH = YES;
				COPY_PHASE_STRIP = NO;
				DEBUG_INFORMATION_FORMAT = dwarf;
				ENABLE_STRICT_OBJC_MSGSEND = YES;
				ENABLE_TESTABILITY = YES;
				ENABLE_USER_SCRIPT_SANDBOXING = YES;
				GCC_C_LANGUAGE_STANDARD = gnu17;
				GCC_DYNAMIC_NO_PIC = NO;
				GCC_NO_COMMON_BLOCKS = YES;
				GCC_OPTIMIZATION_LEVEL = 0;
				GCC_PREPROCESSOR_DEFINITIONS = (
					"DEBUG=1",
					"$(inherited)",
				);
				GCC_WARN_64_TO_32_BIT_CONVERSION = YES;
				GCC_WARN_ABOUT_RETURN_TYPE = YES_ERROR;
				GCC_WARN_UNDECLARED_SELECTOR = YES;
				GCC_WARN_UNINITIALIZED_AUTOS = YES_AGGRESSIVE;
				GCC_WARN_UNUSED_FUNCTION = YES;
				GCC_WARN_UNUSED_VARIABLE = YES;
				IPHONEOS_DEPLOYMENT_TARGET = 17.2;
				LOCALIZATION_PREFERS_STRING_CATALOGS = YES;
				MTL_ENABLE_DEBUG_INFO = INCLUDE_SOURCE;
				MTL_FAST_MATH = YES;
				ONLY_ACTIVE_ARCH = YES;
				SDKROOT = iphoneos;
				SWIFT_ACTIVE_COMPILATION_CONDITIONS = "DEBUG $(inherited)";
				SWIFT_OPTIMIZATION_LEVEL = "-Onone";
			};
			name = Debug;
		};
		9435B3582BAC1D0500CF0C9E /* Release */ = {
			isa = XCBuildConfiguration;
			buildSettings = {
				ALWAYS_SEARCH_USER_PATHS = NO;
				ASSETCATALOG_COMPILER_GENERATE_SWIFT_ASSET_SYMBOL_EXTENSIONS = YES;
				CLANG_ANALYZER_NONNULL = YES;
				CLANG_ANALYZER_NUMBER_OBJECT_CONVERSION = YES_AGGRESSIVE;
				CLANG_CXX_LANGUAGE_STANDARD = "gnu++20";
				CLANG_ENABLE_MODULES = YES;
				CLANG_ENABLE_OBJC_ARC = YES;
				CLANG_ENABLE_OBJC_WEAK = YES;
				CLANG_WARN_BLOCK_CAPTURE_AUTORELEASING = YES;
				CLANG_WARN_BOOL_CONVERSION = YES;
				CLANG_WARN_COMMA = YES;
				CLANG_WARN_CONSTANT_CONVERSION = YES;
				CLANG_WARN_DEPRECATED_OBJC_IMPLEMENTATIONS = YES;
				CLANG_WARN_DIRECT_OBJC_ISA_USAGE = YES_ERROR;
				CLANG_WARN_DOCUMENTATION_COMMENTS = YES;
				CLANG_WARN_EMPTY_BODY = YES;
				CLANG_WARN_ENUM_CONVERSION = YES;
				CLANG_WARN_INFINITE_RECURSION = YES;
				CLANG_WARN_INT_CONVERSION = YES;
				CLANG_WARN_NON_LITERAL_NULL_CONVERSION = YES;
				CLANG_WARN_OBJC_IMPLICIT_RETAIN_SELF = YES;
				CLANG_WARN_OBJC_LITERAL_CONVERSION = YES;
				CLANG_WARN_OBJC_ROOT_CLASS = YES_ERROR;
				CLANG_WARN_QUOTED_INCLUDE_IN_FRAMEWORK_HEADER = YES;
				CLANG_WARN_RANGE_LOOP_ANALYSIS = YES;
				CLANG_WARN_STRICT_PROTOTYPES = YES;
				CLANG_WARN_SUSPICIOUS_MOVE = YES;
				CLANG_WARN_UNGUARDED_AVAILABILITY = YES_AGGRESSIVE;
				CLANG_WARN_UNREACHABLE_CODE = YES;
				CLANG_WARN__DUPLICATE_METHOD_MATCH = YES;
				COPY_PHASE_STRIP = NO;
				DEBUG_INFORMATION_FORMAT = "dwarf-with-dsym";
				ENABLE_NS_ASSERTIONS = NO;
				ENABLE_STRICT_OBJC_MSGSEND = YES;
				ENABLE_USER_SCRIPT_SANDBOXING = YES;
				GCC_C_LANGUAGE_STANDARD = gnu17;
				GCC_NO_COMMON_BLOCKS = YES;
				GCC_WARN_64_TO_32_BIT_CONVERSION = YES;
				GCC_WARN_ABOUT_RETURN_TYPE = YES_ERROR;
				GCC_WARN_UNDECLARED_SELECTOR = YES;
				GCC_WARN_UNINITIALIZED_AUTOS = YES_AGGRESSIVE;
				GCC_WARN_UNUSED_FUNCTION = YES;
				GCC_WARN_UNUSED_VARIABLE = YES;
				IPHONEOS_DEPLOYMENT_TARGET = 17.2;
				LOCALIZATION_PREFERS_STRING_CATALOGS = YES;
				MTL_ENABLE_DEBUG_INFO = NO;
				MTL_FAST_MATH = YES;
				SDKROOT = iphoneos;
				SWIFT_COMPILATION_MODE = wholemodule;
				VALIDATE_PRODUCT = YES;
			};
			name = Release;
		};
		9435B35A2BAC1D0500CF0C9E /* Debug */ = {
			isa = XCBuildConfiguration;
			buildSettings = {
				ASSETCATALOG_COMPILER_APPICON_NAME = AppIcon;
				ASSETCATALOG_COMPILER_GLOBAL_ACCENT_COLOR_NAME = AccentColor;
				CODE_SIGN_STYLE = Automatic;
				CURRENT_PROJECT_VERSION = 1;
				DEVELOPMENT_ASSET_PATHS = "\"miniPost/Preview Content\"";
				DEVELOPMENT_TEAM = 5YRV943L98;
				ENABLE_PREVIEWS = YES;
				GENERATE_INFOPLIST_FILE = YES;
				INFOPLIST_KEY_UIApplicationSceneManifest_Generation = YES;
				INFOPLIST_KEY_UIApplicationSupportsIndirectInputEvents = YES;
				INFOPLIST_KEY_UILaunchScreen_Generation = YES;
				INFOPLIST_KEY_UISupportedInterfaceOrientations_iPad = "UIInterfaceOrientationPortrait UIInterfaceOrientationPortraitUpsideDown UIInterfaceOrientationLandscapeLeft UIInterfaceOrientationLandscapeRight";
				INFOPLIST_KEY_UISupportedInterfaceOrientations_iPhone = "UIInterfaceOrientationPortrait UIInterfaceOrientationLandscapeLeft UIInterfaceOrientationLandscapeRight";
				LD_RUNPATH_SEARCH_PATHS = (
					"$(inherited)",
					"@executable_path/Frameworks",
				);
				MARKETING_VERSION = 1.0;
				PRODUCT_BUNDLE_IDENTIFIER = demoapp.miniPost;
				PRODUCT_NAME = "$(TARGET_NAME)";
				SWIFT_EMIT_LOC_STRINGS = YES;
				SWIFT_VERSION = 5.0;
				TARGETED_DEVICE_FAMILY = "1,2";
			};
			name = Debug;
		};
		9435B35B2BAC1D0500CF0C9E /* Release */ = {
			isa = XCBuildConfiguration;
			buildSettings = {
				ASSETCATALOG_COMPILER_APPICON_NAME = AppIcon;
				ASSETCATALOG_COMPILER_GLOBAL_ACCENT_COLOR_NAME = AccentColor;
				CODE_SIGN_STYLE = Automatic;
				CURRENT_PROJECT_VERSION = 1;
				DEVELOPMENT_ASSET_PATHS = "\"miniPost/Preview Content\"";
				DEVELOPMENT_TEAM = 5YRV943L98;
				ENABLE_PREVIEWS = YES;
				GENERATE_INFOPLIST_FILE = YES;
				INFOPLIST_KEY_UIApplicationSceneManifest_Generation = YES;
				INFOPLIST_KEY_UIApplicationSupportsIndirectInputEvents = YES;
				INFOPLIST_KEY_UILaunchScreen_Generation = YES;
				INFOPLIST_KEY_UISupportedInterfaceOrientations_iPad = "UIInterfaceOrientationPortrait UIInterfaceOrientationPortraitUpsideDown UIInterfaceOrientationLandscapeLeft UIInterfaceOrientationLandscapeRight";
				INFOPLIST_KEY_UISupportedInterfaceOrientations_iPhone = "UIInterfaceOrientationPortrait UIInterfaceOrientationLandscapeLeft UIInterfaceOrientationLandscapeRight";
				LD_RUNPATH_SEARCH_PATHS = (
					"$(inherited)",
					"@executable_path/Frameworks",
				);
				MARKETING_VERSION = 1.0;
				PRODUCT_BUNDLE_IDENTIFIER = demoapp.miniPost;
				PRODUCT_NAME = "$(TARGET_NAME)";
				SWIFT_EMIT_LOC_STRINGS = YES;
				SWIFT_VERSION = 5.0;
				TARGETED_DEVICE_FAMILY = "1,2";
			};
			name = Release;
		};
		9435B35D2BAC1D0500CF0C9E /* Debug */ = {
			isa = XCBuildConfiguration;
			buildSettings = {
				ALWAYS_EMBED_SWIFT_STANDARD_LIBRARIES = YES;
				BUNDLE_LOADER = "$(TEST_HOST)";
				CODE_SIGN_STYLE = Automatic;
				CURRENT_PROJECT_VERSION = 1;
				DEVELOPMENT_TEAM = 5YRV943L98;
				GENERATE_INFOPLIST_FILE = YES;
				IPHONEOS_DEPLOYMENT_TARGET = 17.2;
				MARKETING_VERSION = 1.0;
				PRODUCT_BUNDLE_IDENTIFIER = demoapp.miniPostTests;
				PRODUCT_NAME = "$(TARGET_NAME)";
				SWIFT_EMIT_LOC_STRINGS = NO;
				SWIFT_VERSION = 5.0;
				TARGETED_DEVICE_FAMILY = "1,2";
				TEST_HOST = "$(BUILT_PRODUCTS_DIR)/miniPost.app/$(BUNDLE_EXECUTABLE_FOLDER_PATH)/miniPost";
			};
			name = Debug;
		};
		9435B35E2BAC1D0500CF0C9E /* Release */ = {
			isa = XCBuildConfiguration;
			buildSettings = {
				ALWAYS_EMBED_SWIFT_STANDARD_LIBRARIES = YES;
				BUNDLE_LOADER = "$(TEST_HOST)";
				CODE_SIGN_STYLE = Automatic;
				CURRENT_PROJECT_VERSION = 1;
				DEVELOPMENT_TEAM = 5YRV943L98;
				GENERATE_INFOPLIST_FILE = YES;
				IPHONEOS_DEPLOYMENT_TARGET = 17.2;
				MARKETING_VERSION = 1.0;
				PRODUCT_BUNDLE_IDENTIFIER = demoapp.miniPostTests;
				PRODUCT_NAME = "$(TARGET_NAME)";
				SWIFT_EMIT_LOC_STRINGS = NO;
				SWIFT_VERSION = 5.0;
				TARGETED_DEVICE_FAMILY = "1,2";
				TEST_HOST = "$(BUILT_PRODUCTS_DIR)/miniPost.app/$(BUNDLE_EXECUTABLE_FOLDER_PATH)/miniPost";
			};
			name = Release;
		};
		9435B3602BAC1D0500CF0C9E /* Debug */ = {
			isa = XCBuildConfiguration;
			buildSettings = {
				ALWAYS_EMBED_SWIFT_STANDARD_LIBRARIES = YES;
				CODE_SIGN_STYLE = Automatic;
				CURRENT_PROJECT_VERSION = 1;
				DEVELOPMENT_TEAM = 5YRV943L98;
				GENERATE_INFOPLIST_FILE = YES;
				MARKETING_VERSION = 1.0;
				PRODUCT_BUNDLE_IDENTIFIER = demoapp.miniPostUITests;
				PRODUCT_NAME = "$(TARGET_NAME)";
				SWIFT_EMIT_LOC_STRINGS = NO;
				SWIFT_VERSION = 5.0;
				TARGETED_DEVICE_FAMILY = "1,2";
				TEST_TARGET_NAME = miniPost;
			};
			name = Debug;
		};
		9435B3612BAC1D0500CF0C9E /* Release */ = {
			isa = XCBuildConfiguration;
			buildSettings = {
				ALWAYS_EMBED_SWIFT_STANDARD_LIBRARIES = YES;
				CODE_SIGN_STYLE = Automatic;
				CURRENT_PROJECT_VERSION = 1;
				DEVELOPMENT_TEAM = 5YRV943L98;
				GENERATE_INFOPLIST_FILE = YES;
				MARKETING_VERSION = 1.0;
				PRODUCT_BUNDLE_IDENTIFIER = demoapp.miniPostUITests;
				PRODUCT_NAME = "$(TARGET_NAME)";
				SWIFT_EMIT_LOC_STRINGS = NO;
				SWIFT_VERSION = 5.0;
				TARGETED_DEVICE_FAMILY = "1,2";
				TEST_TARGET_NAME = miniPost;
			};
			name = Release;
		};
/* End XCBuildConfiguration section */

/* Begin XCConfigurationList section */
		9435B3302BAC1D0200CF0C9E /* Build configuration list for PBXProject "miniPost" */ = {
			isa = XCConfigurationList;
			buildConfigurations = (
				9435B3572BAC1D0500CF0C9E /* Debug */,
				9435B3582BAC1D0500CF0C9E /* Release */,
			);
			defaultConfigurationIsVisible = 0;
			defaultConfigurationName = Release;
		};
		9435B3592BAC1D0500CF0C9E /* Build configuration list for PBXNativeTarget "miniPost" */ = {
			isa = XCConfigurationList;
			buildConfigurations = (
				9435B35A2BAC1D0500CF0C9E /* Debug */,
				9435B35B2BAC1D0500CF0C9E /* Release */,
			);
			defaultConfigurationIsVisible = 0;
			defaultConfigurationName = Release;
		};
		9435B35C2BAC1D0500CF0C9E /* Build configuration list for PBXNativeTarget "miniPostTests" */ = {
			isa = XCConfigurationList;
			buildConfigurations = (
				9435B35D2BAC1D0500CF0C9E /* Debug */,
				9435B35E2BAC1D0500CF0C9E /* Release */,
			);
			defaultConfigurationIsVisible = 0;
			defaultConfigurationName = Release;
		};
		9435B35F2BAC1D0500CF0C9E /* Build configuration list for PBXNativeTarget "miniPostUITests" */ = {
			isa = XCConfigurationList;
			buildConfigurations = (
				9435B3602BAC1D0500CF0C9E /* Debug */,
				9435B3612BAC1D0500CF0C9E /* Release */,
			);
			defaultConfigurationIsVisible = 0;
			defaultConfigurationName = Release;
		};
/* End XCConfigurationList section */
	};
	rootObject = 9435B32D2BAC1D0200CF0C9E /* Project object */;
}
