// !$*UTF8*$!
{
	archiveVersion = 1;
	classes = {
	};
	objectVersion = 56;
	objects = {

/* Begin PBXBuildFile section */
		9435B3392BAC1D0200CF0C9E /* miniPostApp.swift in Sources */ = {isa = PBXBuildFile; fileRef = 9435B3382BAC1D0200CF0C9E /* miniPostApp.swift */; };
		9435B33D2BAC1D0400CF0C9E /* Assets.xcassets in Resources */ = {isa = PBXBuildFile; fileRef = 9435B33C2BAC1D0400CF0C9E /* Assets.xcassets */; };
		9435B3402BAC1D0400CF0C9E /* Preview Assets.xcassets in Resources */ = {isa = PBXBuildFile; fileRef = 9435B33F2BAC1D0400CF0C9E /* Preview Assets.xcassets */; };
		9435B34A2BAC1D0500CF0C9E /* miniPostTests.swift in Sources */ = {isa = PBXBuildFile; fileRef = 9435B3492BAC1D0500CF0C9E /* miniPostTests.swift */; };
		9435B3542BAC1D0500CF0C9E /* miniPostUITests.swift in Sources */ = {isa = PBXBuildFile; fileRef = 9435B3532BAC1D0500CF0C9E /* miniPostUITests.swift */; };
		9435B3562BAC1D0500CF0C9E /* miniPostUITestsLaunchTests.swift in Sources */ = {isa = PBXBuildFile; fileRef = 9435B3552BAC1D0500CF0C9E /* miniPostUITestsLaunchTests.swift */; };
		948652D42BAD9E3C00D3B5E5 /* Post.swift in Sources */ = {isa = PBXBuildFile; fileRef = 948652D32BAD9E3C00D3B5E5 /* Post.swift */; };
		94C5DF602BAC64F300D2510C /* NetworkHandler.swift in Sources */ = {isa = PBXBuildFile; fileRef = 94C5DF5F2BAC64F300D2510C /* NetworkHandler.swift */; };
		FB4F16182BE1B76A00B0C1DF /* NetworkProtocol.swift in Sources */ = {isa = PBXBuildFile; fileRef = FB4F16172BE1B76A00B0C1DF /* NetworkProtocol.swift */; };
		FB4F161A2BE1B81000B0C1DF /* MainMenuItem.swift in Sources */ = {isa = PBXBuildFile; fileRef = FB4F16192BE1B81000B0C1DF /* MainMenuItem.swift */; };
		FB4F161C2BE1B84100B0C1DF /* User.swift in Sources */ = {isa = PBXBuildFile; fileRef = FB4F161B2BE1B84100B0C1DF /* User.swift */; };
		FB4F161E2BE1B86500B0C1DF /* PostList.swift in Sources */ = {isa = PBXBuildFile; fileRef = FB4F161D2BE1B86500B0C1DF /* PostList.swift */; };
		FB4F16212BE1B8B500B0C1DF /* Pacifico-Regular.ttf in Resources */ = {isa = PBXBuildFile; fileRef = FB4F16202BE1B8B500B0C1DF /* Pacifico-Regular.ttf */; };
		FB4F16242BE1B99100B0C1DF /* PostsViewModel.swift in Sources */ = {isa = PBXBuildFile; fileRef = FB4F16232BE1B99100B0C1DF /* PostsViewModel.swift */; };
		FB4F16272BE1B9C100B0C1DF /* Collections in Frameworks */ = {isa = PBXBuildFile; productRef = FB4F16262BE1B9C100B0C1DF /* Collections */; };
		FB4F16292BE1B9C100B0C1DF /* DequeModule in Frameworks */ = {isa = PBXBuildFile; productRef = FB4F16282BE1B9C100B0C1DF /* DequeModule */; };
		FB4F162B2BE1B9C100B0C1DF /* OrderedCollections in Frameworks */ = {isa = PBXBuildFile; productRef = FB4F162A2BE1B9C100B0C1DF /* OrderedCollections */; };
		FB4F162D2BE1B9E300B0C1DF /* ProfileViewModel.swift in Sources */ = {isa = PBXBuildFile; fileRef = FB4F162C2BE1B9E300B0C1DF /* ProfileViewModel.swift */; };
		FB4F162F2BE1BA0400B0C1DF /* UsersListViewModel.swift in Sources */ = {isa = PBXBuildFile; fileRef = FB4F162E2BE1BA0400B0C1DF /* UsersListViewModel.swift */; };
		FB4F16312BE1BA6500B0C1DF /* PostsRow.swift in Sources */ = {isa = PBXBuildFile; fileRef = FB4F16302BE1BA6500B0C1DF /* PostsRow.swift */; };
		FB4F16332BE1BA8700B0C1DF /* PostsView.swift in Sources */ = {isa = PBXBuildFile; fileRef = FB4F16322BE1BA8700B0C1DF /* PostsView.swift */; };
		FB4F16352BE1BAD600B0C1DF /* ProfileView.swift in Sources */ = {isa = PBXBuildFile; fileRef = FB4F16342BE1BAD600B0C1DF /* ProfileView.swift */; };
		FB4F16372BE1BB0100B0C1DF /* InfoView.swift in Sources */ = {isa = PBXBuildFile; fileRef = FB4F16362BE1BB0100B0C1DF /* InfoView.swift */; };
		FB4F16392BE1BB4100B0C1DF /* UsersListView.swift in Sources */ = {isa = PBXBuildFile; fileRef = FB4F16382BE1BB4100B0C1DF /* UsersListView.swift */; };
		FB4F163B2BE1BB6400B0C1DF /* UserListRow.swift in Sources */ = {isa = PBXBuildFile; fileRef = FB4F163A2BE1BB6400B0C1DF /* UserListRow.swift */; };
		FB4F163D2BE1BBB300B0C1DF /* MainMenuView.swift in Sources */ = {isa = PBXBuildFile; fileRef = FB4F163C2BE1BBB300B0C1DF /* MainMenuView.swift */; };
		FB4F163F2BE1BBDD00B0C1DF /* MainMenuRow.swift in Sources */ = {isa = PBXBuildFile; fileRef = FB4F163E2BE1BBDD00B0C1DF /* MainMenuRow.swift */; };
		FB4F16412BE1BC0400B0C1DF /* AppViewModel.swift in Sources */ = {isa = PBXBuildFile; fileRef = FB4F16402BE1BC0400B0C1DF /* AppViewModel.swift */; };
		FB4F16432BE1BD6A00B0C1DF /* PreviewData.swift in Sources */ = {isa = PBXBuildFile; fileRef = FB4F16422BE1BD6A00B0C1DF /* PreviewData.swift */; };
/* End PBXBuildFile section */

/* Begin PBXContainerItemProxy section */
		9435B3462BAC1D0500CF0C9E /* PBXContainerItemProxy */ = {
			isa = PBXContainerItemProxy;
			containerPortal = 9435B32D2BAC1D0200CF0C9E /* Project object */;
			proxyType = 1;
			remoteGlobalIDString = 9435B3342BAC1D0200CF0C9E;
			remoteInfo = miniPost;
		};
		9435B3502BAC1D0500CF0C9E /* PBXContainerItemProxy */ = {
			isa = PBXContainerItemProxy;
			containerPortal = 9435B32D2BAC1D0200CF0C9E /* Project object */;
			proxyType = 1;
			remoteGlobalIDString = 9435B3342BAC1D0200CF0C9E;
			remoteInfo = miniPost;
		};
/* End PBXContainerItemProxy section */

/* Begin PBXFileReference section */
		9435B3352BAC1D0200CF0C9E /* miniPost.app */ = {isa = PBXFileReference; explicitFileType = wrapper.application; includeInIndex = 0; path = miniPost.app; sourceTree = BUILT_PRODUCTS_DIR; };
		9435B3382BAC1D0200CF0C9E /* miniPostApp.swift */ = {isa = PBXFileReference; lastKnownFileType = sourcecode.swift; path = miniPostApp.swift; sourceTree = "<group>"; };
		9435B33C2BAC1D0400CF0C9E /* Assets.xcassets */ = {isa = PBXFileReference; lastKnownFileType = folder.assetcatalog; path = Assets.xcassets; sourceTree = "<group>"; };
		9435B33F2BAC1D0400CF0C9E /* Preview Assets.xcassets */ = {isa = PBXFileReference; lastKnownFileType = folder.assetcatalog; path = "Preview Assets.xcassets"; sourceTree = "<group>"; };
		9435B3452BAC1D0500CF0C9E /* miniPostTests.xctest */ = {isa = PBXFileReference; explicitFileType = wrapper.cfbundle; includeInIndex = 0; path = miniPostTests.xctest; sourceTree = BUILT_PRODUCTS_DIR; };
		9435B3492BAC1D0500CF0C9E /* miniPostTests.swift */ = {isa = PBXFileReference; lastKnownFileType = sourcecode.swift; path = miniPostTests.swift; sourceTree = "<group>"; };
		9435B34F2BAC1D0500CF0C9E /* miniPostUITests.xctest */ = {isa = PBXFileReference; explicitFileType = wrapper.cfbundle; includeInIndex = 0; path = miniPostUITests.xctest; sourceTree = BUILT_PRODUCTS_DIR; };
		9435B3532BAC1D0500CF0C9E /* miniPostUITests.swift */ = {isa = PBXFileReference; lastKnownFileType = sourcecode.swift; path = miniPostUITests.swift; sourceTree = "<group>"; };
		9435B3552BAC1D0500CF0C9E /* miniPostUITestsLaunchTests.swift */ = {isa = PBXFileReference; lastKnownFileType = sourcecode.swift; path = miniPostUITestsLaunchTests.swift; sourceTree = "<group>"; };
		948652D32BAD9E3C00D3B5E5 /* Post.swift */ = {isa = PBXFileReference; lastKnownFileType = sourcecode.swift; path = Post.swift; sourceTree = "<group>"; };
		94C5DF5F2BAC64F300D2510C /* NetworkHandler.swift */ = {isa = PBXFileReference; lastKnownFileType = sourcecode.swift; path = NetworkHandler.swift; sourceTree = "<group>"; };
		FB060A962BDECC5C0082F92C /* Info.plist */ = {isa = PBXFileReference; lastKnownFileType = text.plist; path = Info.plist; sourceTree = "<group>"; };
		FB4F16172BE1B76A00B0C1DF /* NetworkProtocol.swift */ = {isa = PBXFileReference; lastKnownFileType = sourcecode.swift; path = NetworkProtocol.swift; sourceTree = "<group>"; };
		FB4F16192BE1B81000B0C1DF /* MainMenuItem.swift */ = {isa = PBXFileReference; lastKnownFileType = sourcecode.swift; path = MainMenuItem.swift; sourceTree = "<group>"; };
		FB4F161B2BE1B84100B0C1DF /* User.swift */ = {isa = PBXFileReference; lastKnownFileType = sourcecode.swift; path = User.swift; sourceTree = "<group>"; };
		FB4F161D2BE1B86500B0C1DF /* PostList.swift */ = {isa = PBXFileReference; lastKnownFileType = sourcecode.swift; path = PostList.swift; sourceTree = "<group>"; };
		FB4F16202BE1B8B500B0C1DF /* Pacifico-Regular.ttf */ = {isa = PBXFileReference; lastKnownFileType = file; path = "Pacifico-Regular.ttf"; sourceTree = "<group>"; };
		FB4F16232BE1B99100B0C1DF /* PostsViewModel.swift */ = {isa = PBXFileReference; lastKnownFileType = sourcecode.swift; path = PostsViewModel.swift; sourceTree = "<group>"; };
		FB4F162C2BE1B9E300B0C1DF /* ProfileViewModel.swift */ = {isa = PBXFileReference; lastKnownFileType = sourcecode.swift; path = ProfileViewModel.swift; sourceTree = "<group>"; };
		FB4F162E2BE1BA0400B0C1DF /* UsersListViewModel.swift */ = {isa = PBXFileReference; lastKnownFileType = sourcecode.swift; path = UsersListViewModel.swift; sourceTree = "<group>"; };
		FB4F16302BE1BA6500B0C1DF /* PostsRow.swift */ = {isa = PBXFileReference; lastKnownFileType = sourcecode.swift; path = PostsRow.swift; sourceTree = "<group>"; };
		FB4F16322BE1BA8700B0C1DF /* PostsView.swift */ = {isa = PBXFileReference; lastKnownFileType = sourcecode.swift; path = PostsView.swift; sourceTree = "<group>"; };
		FB4F16342BE1BAD600B0C1DF /* ProfileView.swift */ = {isa = PBXFileReference; lastKnownFileType = sourcecode.swift; path = ProfileView.swift; sourceTree = "<group>"; };
		FB4F16362BE1BB0100B0C1DF /* InfoView.swift */ = {isa = PBXFileReference; lastKnownFileType = sourcecode.swift; path = InfoView.swift; sourceTree = "<group>"; };
		FB4F16382BE1BB4100B0C1DF /* UsersListView.swift */ = {isa = PBXFileReference; lastKnownFileType = sourcecode.swift; path = UsersListView.swift; sourceTree = "<group>"; };
		FB4F163A2BE1BB6400B0C1DF /* UserListRow.swift */ = {isa = PBXFileReference; lastKnownFileType = sourcecode.swift; path = UserListRow.swift; sourceTree = "<group>"; };
		FB4F163C2BE1BBB300B0C1DF /* MainMenuView.swift */ = {isa = PBXFileReference; lastKnownFileType = sourcecode.swift; path = MainMenuView.swift; sourceTree = "<group>"; };
		FB4F163E2BE1BBDD00B0C1DF /* MainMenuRow.swift */ = {isa = PBXFileReference; lastKnownFileType = sourcecode.swift; path = MainMenuRow.swift; sourceTree = "<group>"; };
		FB4F16402BE1BC0400B0C1DF /* AppViewModel.swift */ = {isa = PBXFileReference; lastKnownFileType = sourcecode.swift; path = AppViewModel.swift; sourceTree = "<group>"; };
		FB4F16422BE1BD6A00B0C1DF /* PreviewData.swift */ = {isa = PBXFileReference; lastKnownFileType = sourcecode.swift; path = PreviewData.swift; sourceTree = "<group>"; };
/* End PBXFileReference section */

/* Begin PBXFrameworksBuildPhase section */
		9435B3322BAC1D0200CF0C9E /* Frameworks */ = {
			isa = PBXFrameworksBuildPhase;
			buildActionMask = 2147483647;
			files = (
				FB4F16272BE1B9C100B0C1DF /* Collections in Frameworks */,
				FB4F16292BE1B9C100B0C1DF /* DequeModule in Frameworks */,
				FB4F162B2BE1B9C100B0C1DF /* OrderedCollections in Frameworks */,
			);
			runOnlyForDeploymentPostprocessing = 0;
		};
		9435B3422BAC1D0500CF0C9E /* Frameworks */ = {
			isa = PBXFrameworksBuildPhase;
			buildActionMask = 2147483647;
			files = (
			);
			runOnlyForDeploymentPostprocessing = 0;
		};
		9435B34C2BAC1D0500CF0C9E /* Frameworks */ = {
			isa = PBXFrameworksBuildPhase;
			buildActionMask = 2147483647;
			files = (
			);
			runOnlyForDeploymentPostprocessing = 0;
		};
/* End PBXFrameworksBuildPhase section */

/* Begin PBXGroup section */
		9435B32C2BAC1D0200CF0C9E = {
			isa = PBXGroup;
			children = (
				9435B3372BAC1D0200CF0C9E /* miniPost */,
				9435B3482BAC1D0500CF0C9E /* miniPostTests */,
				9435B3522BAC1D0500CF0C9E /* miniPostUITests */,
				9435B3362BAC1D0200CF0C9E /* Products */,
			);
			sourceTree = "<group>";
		};
		9435B3362BAC1D0200CF0C9E /* Products */ = {
			isa = PBXGroup;
			children = (
				9435B3352BAC1D0200CF0C9E /* miniPost.app */,
				9435B3452BAC1D0500CF0C9E /* miniPostTests.xctest */,
				9435B34F2BAC1D0500CF0C9E /* miniPostUITests.xctest */,
			);
			name = Products;
			sourceTree = "<group>";
		};
		9435B3372BAC1D0200CF0C9E /* miniPost */ = {
			isa = PBXGroup;
			children = (
				FB4F161F2BE1B88300B0C1DF /* Fonts */,
				FB060A962BDECC5C0082F92C /* Info.plist */,
				9435B36A2BAC1D3200CF0C9E /* Network */,
				9435B3622BAC1D3200CF0C9E /* Model */,
				9435B3632BAC1D3200CF0C9E /* View */,
				FB4F16222BE1B8EE00B0C1DF /* ViewModel */,
				9435B3382BAC1D0200CF0C9E /* miniPostApp.swift */,
				9435B33C2BAC1D0400CF0C9E /* Assets.xcassets */,
				9435B33E2BAC1D0400CF0C9E /* PreviewContent */,
			);
			path = miniPost;
			sourceTree = "<group>";
		};
		9435B33E2BAC1D0400CF0C9E /* PreviewContent */ = {
			isa = PBXGroup;
			children = (
				9435B33F2BAC1D0400CF0C9E /* Preview Assets.xcassets */,
				FB4F16422BE1BD6A00B0C1DF /* PreviewData.swift */,
			);
			path = PreviewContent;
			sourceTree = "<group>";
		};
		9435B3482BAC1D0500CF0C9E /* miniPostTests */ = {
			isa = PBXGroup;
			children = (
				9435B3492BAC1D0500CF0C9E /* miniPostTests.swift */,
			);
			path = miniPostTests;
			sourceTree = "<group>";
		};
		9435B3522BAC1D0500CF0C9E /* miniPostUITests */ = {
			isa = PBXGroup;
			children = (
				9435B3532BAC1D0500CF0C9E /* miniPostUITests.swift */,
				9435B3552BAC1D0500CF0C9E /* miniPostUITestsLaunchTests.swift */,
			);
			path = miniPostUITests;
			sourceTree = "<group>";
		};
		9435B3622BAC1D3200CF0C9E /* Model */ = {
			isa = PBXGroup;
			children = (
				948652D32BAD9E3C00D3B5E5 /* Post.swift */,
				FB4F16192BE1B81000B0C1DF /* MainMenuItem.swift */,
				FB4F161B2BE1B84100B0C1DF /* User.swift */,
				FB4F161D2BE1B86500B0C1DF /* PostList.swift */,
			);
			path = Model;
			sourceTree = "<group>";
		};
		9435B3632BAC1D3200CF0C9E /* View */ = {
			isa = PBXGroup;
			children = (
				FB4F163C2BE1BBB300B0C1DF /* MainMenuView.swift */,
				FB4F163E2BE1BBDD00B0C1DF /* MainMenuRow.swift */,
				948652D02BAD9D9300D3B5E5 /* Posts */,
				948652CF2BAD9D8100D3B5E5 /* Users */,
				9435B3642BAC1D3200CF0C9E /* Profile */,
			);
			path = View;
			sourceTree = "<group>";
		};
		9435B3642BAC1D3200CF0C9E /* Profile */ = {
			isa = PBXGroup;
			children = (
				FB4F16342BE1BAD600B0C1DF /* ProfileView.swift */,
				FB4F16362BE1BB0100B0C1DF /* InfoView.swift */,
			);
			path = Profile;
			sourceTree = "<group>";
		};
		9435B36A2BAC1D3200CF0C9E /* Network */ = {
			isa = PBXGroup;
			children = (
				94C5DF5F2BAC64F300D2510C /* NetworkHandler.swift */,
				FB4F16172BE1B76A00B0C1DF /* NetworkProtocol.swift */,
			);
			path = Network;
			sourceTree = "<group>";
		};
		948652CF2BAD9D8100D3B5E5 /* Users */ = {
			isa = PBXGroup;
			children = (
				FB4F16382BE1BB4100B0C1DF /* UsersListView.swift */,
				FB4F163A2BE1BB6400B0C1DF /* UserListRow.swift */,
			);
			path = Users;
			sourceTree = "<group>";
		};
		948652D02BAD9D9300D3B5E5 /* Posts */ = {
			isa = PBXGroup;
			children = (
				FB4F16302BE1BA6500B0C1DF /* PostsRow.swift */,
				FB4F16322BE1BA8700B0C1DF /* PostsView.swift */,
			);
			path = Posts;
			sourceTree = "<group>";
		};
		FB4F161F2BE1B88300B0C1DF /* Fonts */ = {
			isa = PBXGroup;
			children = (
				FB4F16202BE1B8B500B0C1DF /* Pacifico-Regular.ttf */,
			);
			path = Fonts;
			sourceTree = "<group>";
		};
		FB4F16222BE1B8EE00B0C1DF /* ViewModel */ = {
			isa = PBXGroup;
			children = (
				FB4F16232BE1B99100B0C1DF /* PostsViewModel.swift */,
				FB4F162C2BE1B9E300B0C1DF /* ProfileViewModel.swift */,
				FB4F162E2BE1BA0400B0C1DF /* UsersListViewModel.swift */,
				FB4F16402BE1BC0400B0C1DF /* AppViewModel.swift */,
			);
			path = ViewModel;
			sourceTree = "<group>";
		};
/* End PBXGroup section */

/* Begin PBXNativeTarget section */
		9435B3342BAC1D0200CF0C9E /* miniPost */ = {
			isa = PBXNativeTarget;
			buildConfigurationList = 9435B3592BAC1D0500CF0C9E /* Build configuration list for PBXNativeTarget "miniPost" */;
			buildPhases = (
				9435B3312BAC1D0200CF0C9E /* Sources */,
				9435B3322BAC1D0200CF0C9E /* Frameworks */,
				9435B3332BAC1D0200CF0C9E /* Resources */,
			);
			buildRules = (
			);
			dependencies = (
			);
			name = miniPost;
			packageProductDependencies = (
				FB4F16262BE1B9C100B0C1DF /* Collections */,
				FB4F16282BE1B9C100B0C1DF /* DequeModule */,
				FB4F162A2BE1B9C100B0C1DF /* OrderedCollections */,
			);
			productName = miniPost;
			productReference = 9435B3352BAC1D0200CF0C9E /* miniPost.app */;
			productType = "com.apple.product-type.application";
		};
		9435B3442BAC1D0500CF0C9E /* miniPostTests */ = {
			isa = PBXNativeTarget;
			buildConfigurationList = 9435B35C2BAC1D0500CF0C9E /* Build configuration list for PBXNativeTarget "miniPostTests" */;
			buildPhases = (
				9435B3412BAC1D0500CF0C9E /* Sources */,
				9435B3422BAC1D0500CF0C9E /* Frameworks */,
				9435B3432BAC1D0500CF0C9E /* Resources */,
			);
			buildRules = (
			);
			dependencies = (
				9435B3472BAC1D0500CF0C9E /* PBXTargetDependency */,
			);
			name = miniPostTests;
			productName = miniPostTests;
			productReference = 9435B3452BAC1D0500CF0C9E /* miniPostTests.xctest */;
			productType = "com.apple.product-type.bundle.unit-test";
		};
		9435B34E2BAC1D0500CF0C9E /* miniPostUITests */ = {
			isa = PBXNativeTarget;
			buildConfigurationList = 9435B35F2BAC1D0500CF0C9E /* Build configuration list for PBXNativeTarget "miniPostUITests" */;
			buildPhases = (
				9435B34B2BAC1D0500CF0C9E /* Sources */,
				9435B34C2BAC1D0500CF0C9E /* Frameworks */,
				9435B34D2BAC1D0500CF0C9E /* Resources */,
			);
			buildRules = (
			);
			dependencies = (
				9435B3512BAC1D0500CF0C9E /* PBXTargetDependency */,
			);
			name = miniPostUITests;
			productName = miniPostUITests;
			productReference = 9435B34F2BAC1D0500CF0C9E /* miniPostUITests.xctest */;
			productType = "com.apple.product-type.bundle.ui-testing";
		};
/* End PBXNativeTarget section */

/* Begin PBXProject section */
		9435B32D2BAC1D0200CF0C9E /* Project object */ = {
			isa = PBXProject;
			attributes = {
				BuildIndependentTargetsInParallel = 1;
				LastSwiftUpdateCheck = 1520;
				LastUpgradeCheck = 1520;
				TargetAttributes = {
					9435B3342BAC1D0200CF0C9E = {
						CreatedOnToolsVersion = 15.2;
					};
					9435B3442BAC1D0500CF0C9E = {
						CreatedOnToolsVersion = 15.2;
						TestTargetID = 9435B3342BAC1D0200CF0C9E;
					};
					9435B34E2BAC1D0500CF0C9E = {
						CreatedOnToolsVersion = 15.2;
						TestTargetID = 9435B3342BAC1D0200CF0C9E;
					};
				};
			};
			buildConfigurationList = 9435B3302BAC1D0200CF0C9E /* Build configuration list for PBXProject "miniPost" */;
			compatibilityVersion = "Xcode 14.0";
			developmentRegion = en;
			hasScannedForEncodings = 0;
			knownRegions = (
				en,
				Base,
			);
			mainGroup = 9435B32C2BAC1D0200CF0C9E;
			packageReferences = (
				FB4F16252BE1B9C100B0C1DF /* XCRemoteSwiftPackageReference "swift-collections" */,
			);
			productRefGroup = 9435B3362BAC1D0200CF0C9E /* Products */;
			projectDirPath = "";
			projectRoot = "";
			targets = (
				9435B3342BAC1D0200CF0C9E /* miniPost */,
				9435B3442BAC1D0500CF0C9E /* miniPostTests */,
				9435B34E2BAC1D0500CF0C9E /* miniPostUITests */,
			);
		};
/* End PBXProject section */

/* Begin PBXResourcesBuildPhase section */
		9435B3332BAC1D0200CF0C9E /* Resources */ = {
			isa = PBXResourcesBuildPhase;
			buildActionMask = 2147483647;
			files = (
				FB4F16212BE1B8B500B0C1DF /* Pacifico-Regular.ttf in Resources */,
				9435B3402BAC1D0400CF0C9E /* Preview Assets.xcassets in Resources */,
				9435B33D2BAC1D0400CF0C9E /* Assets.xcassets in Resources */,
			);
			runOnlyForDeploymentPostprocessing = 0;
		};
		9435B3432BAC1D0500CF0C9E /* Resources */ = {
			isa = PBXResourcesBuildPhase;
			buildActionMask = 2147483647;
			files = (
			);
			runOnlyForDeploymentPostprocessing = 0;
		};
		9435B34D2BAC1D0500CF0C9E /* Resources */ = {
			isa = PBXResourcesBuildPhase;
			buildActionMask = 2147483647;
			files = (
			);
			runOnlyForDeploymentPostprocessing = 0;
		};
/* End PBXResourcesBuildPhase section */

/* Begin PBXSourcesBuildPhase section */
		9435B3312BAC1D0200CF0C9E /* Sources */ = {
			isa = PBXSourcesBuildPhase;
			buildActionMask = 2147483647;
			files = (
				FB4F16432BE1BD6A00B0C1DF /* PreviewData.swift in Sources */,
				FB4F16372BE1BB0100B0C1DF /* InfoView.swift in Sources */,
				FB4F162D2BE1B9E300B0C1DF /* ProfileViewModel.swift in Sources */,
				FB4F161C2BE1B84100B0C1DF /* User.swift in Sources */,
				FB4F163B2BE1BB6400B0C1DF /* UserListRow.swift in Sources */,
				948652D42BAD9E3C00D3B5E5 /* Post.swift in Sources */,
				FB4F16312BE1BA6500B0C1DF /* PostsRow.swift in Sources */,
				FB4F16182BE1B76A00B0C1DF /* NetworkProtocol.swift in Sources */,
				FB4F16392BE1BB4100B0C1DF /* UsersListView.swift in Sources */,
				FB4F16352BE1BAD600B0C1DF /* ProfileView.swift in Sources */,
				FB4F16412BE1BC0400B0C1DF /* AppViewModel.swift in Sources */,
				FB4F163F2BE1BBDD00B0C1DF /* MainMenuRow.swift in Sources */,
				FB4F16332BE1BA8700B0C1DF /* PostsView.swift in Sources */,
				FB4F162F2BE1BA0400B0C1DF /* UsersListViewModel.swift in Sources */,
				FB4F163D2BE1BBB300B0C1DF /* MainMenuView.swift in Sources */,
				94C5DF602BAC64F300D2510C /* NetworkHandler.swift in Sources */,
				9435B3392BAC1D0200CF0C9E /* miniPostApp.swift in Sources */,
				FB4F16242BE1B99100B0C1DF /* PostsViewModel.swift in Sources */,
				FB4F161E2BE1B86500B0C1DF /* PostList.swift in Sources */,
				FB4F161A2BE1B81000B0C1DF /* MainMenuItem.swift in Sources */,
			);
			runOnlyForDeploymentPostprocessing = 0;
		};
		9435B3412BAC1D0500CF0C9E /* Sources */ = {
			isa = PBXSourcesBuildPhase;
			buildActionMask = 2147483647;
			files = (
				9435B34A2BAC1D0500CF0C9E /* miniPostTests.swift in Sources */,
			);
			runOnlyForDeploymentPostprocessing = 0;
		};
		9435B34B2BAC1D0500CF0C9E /* Sources */ = {
			isa = PBXSourcesBuildPhase;
			buildActionMask = 2147483647;
			files = (
				9435B3562BAC1D0500CF0C9E /* miniPostUITestsLaunchTests.swift in Sources */,
				9435B3542BAC1D0500CF0C9E /* miniPostUITests.swift in Sources */,
			);
			runOnlyForDeploymentPostprocessing = 0;
		};
/* End PBXSourcesBuildPhase section */

/* Begin PBXTargetDependency section */
		9435B3472BAC1D0500CF0C9E /* PBXTargetDependency */ = {
			isa = PBXTargetDependency;
			target = 9435B3342BAC1D0200CF0C9E /* miniPost */;
			targetProxy = 9435B3462BAC1D0500CF0C9E /* PBXContainerItemProxy */;
		};
		9435B3512BAC1D0500CF0C9E /* PBXTargetDependency */ = {
			isa = PBXTargetDependency;
			target = 9435B3342BAC1D0200CF0C9E /* miniPost */;
			targetProxy = 9435B3502BAC1D0500CF0C9E /* PBXContainerItemProxy */;
		};
/* End PBXTargetDependency section */

/* Begin XCBuildConfiguration section */
		9435B3572BAC1D0500CF0C9E /* Debug */ = {
			isa = XCBuildConfiguration;
			buildSettings = {
				ALWAYS_SEARCH_USER_PATHS = NO;
				ASSETCATALOG_COMPILER_GENERATE_SWIFT_ASSET_SYMBOL_EXTENSIONS = YES;
				CLANG_ANALYZER_NONNULL = YES;
				CLANG_ANALYZER_NUMBER_OBJECT_CONVERSION = YES_AGGRESSIVE;
				CLANG_CXX_LANGUAGE_STANDARD = "gnu++20";
				CLANG_ENABLE_MODULES = YES;
				CLANG_ENABLE_OBJC_ARC = YES;
				CLANG_ENABLE_OBJC_WEAK = YES;
				CLANG_WARN_BLOCK_CAPTURE_AUTORELEASING = YES;
				CLANG_WARN_BOOL_CONVERSION = YES;
				CLANG_WARN_COMMA = YES;
				CLANG_WARN_CONSTANT_CONVERSION = YES;
				CLANG_WARN_DEPRECATED_OBJC_IMPLEMENTATIONS = YES;
				CLANG_WARN_DIRECT_OBJC_ISA_USAGE = YES_ERROR;
				CLANG_WARN_DOCUMENTATION_COMMENTS = YES;
				CLANG_WARN_EMPTY_BODY = YES;
				CLANG_WARN_ENUM_CONVERSION = YES;
				CLANG_WARN_INFINITE_RECURSION = YES;
				CLANG_WARN_INT_CONVERSION = YES;
				CLANG_WARN_NON_LITERAL_NULL_CONVERSION = YES;
				CLANG_WARN_OBJC_IMPLICIT_RETAIN_SELF = YES;
				CLANG_WARN_OBJC_LITERAL_CONVERSION = YES;
				CLANG_WARN_OBJC_ROOT_CLASS = YES_ERROR;
				CLANG_WARN_QUOTED_INCLUDE_IN_FRAMEWORK_HEADER = YES;
				CLANG_WARN_RANGE_LOOP_ANALYSIS = YES;
				CLANG_WARN_STRICT_PROTOTYPES = YES;
				CLANG_WARN_SUSPICIOUS_MOVE = YES;
				CLANG_WARN_UNGUARDED_AVAILABILITY = YES_AGGRESSIVE;
				CLANG_WARN_UNREACHABLE_CODE = YES;
				CLANG_WARN__DUPLICATE_METHOD_MATCH = YES;
				COPY_PHASE_STRIP = NO;
				DEBUG_INFORMATION_FORMAT = dwarf;
				ENABLE_STRICT_OBJC_MSGSEND = YES;
				ENABLE_TESTABILITY = YES;
				ENABLE_USER_SCRIPT_SANDBOXING = YES;
				GCC_C_LANGUAGE_STANDARD = gnu17;
				GCC_DYNAMIC_NO_PIC = NO;
				GCC_NO_COMMON_BLOCKS = YES;
				GCC_OPTIMIZATION_LEVEL = 0;
				GCC_PREPROCESSOR_DEFINITIONS = (
					"DEBUG=1",
					"$(inherited)",
				);
				GCC_WARN_64_TO_32_BIT_CONVERSION = YES;
				GCC_WARN_ABOUT_RETURN_TYPE = YES_ERROR;
				GCC_WARN_UNDECLARED_SELECTOR = YES;
				GCC_WARN_UNINITIALIZED_AUTOS = YES_AGGRESSIVE;
				GCC_WARN_UNUSED_FUNCTION = YES;
				GCC_WARN_UNUSED_VARIABLE = YES;
				IPHONEOS_DEPLOYMENT_TARGET = 17.2;
				LOCALIZATION_PREFERS_STRING_CATALOGS = YES;
				MTL_ENABLE_DEBUG_INFO = INCLUDE_SOURCE;
				MTL_FAST_MATH = YES;
				ONLY_ACTIVE_ARCH = YES;
				SDKROOT = iphoneos;
				SWIFT_ACTIVE_COMPILATION_CONDITIONS = "DEBUG $(inherited)";
				SWIFT_OPTIMIZATION_LEVEL = "-Onone";
			};
			name = Debug;
		};
		9435B3582BAC1D0500CF0C9E /* Release */ = {
			isa = XCBuildConfiguration;
			buildSettings = {
				ALWAYS_SEARCH_USER_PATHS = NO;
				ASSETCATALOG_COMPILER_GENERATE_SWIFT_ASSET_SYMBOL_EXTENSIONS = YES;
				CLANG_ANALYZER_NONNULL = YES;
				CLANG_ANALYZER_NUMBER_OBJECT_CONVERSION = YES_AGGRESSIVE;
				CLANG_CXX_LANGUAGE_STANDARD = "gnu++20";
				CLANG_ENABLE_MODULES = YES;
				CLANG_ENABLE_OBJC_ARC = YES;
				CLANG_ENABLE_OBJC_WEAK = YES;
				CLANG_WARN_BLOCK_CAPTURE_AUTORELEASING = YES;
				CLANG_WARN_BOOL_CONVERSION = YES;
				CLANG_WARN_COMMA = YES;
				CLANG_WARN_CONSTANT_CONVERSION = YES;
				CLANG_WARN_DEPRECATED_OBJC_IMPLEMENTATIONS = YES;
				CLANG_WARN_DIRECT_OBJC_ISA_USAGE = YES_ERROR;
				CLANG_WARN_DOCUMENTATION_COMMENTS = YES;
				CLANG_WARN_EMPTY_BODY = YES;
				CLANG_WARN_ENUM_CONVERSION = YES;
				CLANG_WARN_INFINITE_RECURSION = YES;
				CLANG_WARN_INT_CONVERSION = YES;
				CLANG_WARN_NON_LITERAL_NULL_CONVERSION = YES;
				CLANG_WARN_OBJC_IMPLICIT_RETAIN_SELF = YES;
				CLANG_WARN_OBJC_LITERAL_CONVERSION = YES;
				CLANG_WARN_OBJC_ROOT_CLASS = YES_ERROR;
				CLANG_WARN_QUOTED_INCLUDE_IN_FRAMEWORK_HEADER = YES;
				CLANG_WARN_RANGE_LOOP_ANALYSIS = YES;
				CLANG_WARN_STRICT_PROTOTYPES = YES;
				CLANG_WARN_SUSPICIOUS_MOVE = YES;
				CLANG_WARN_UNGUARDED_AVAILABILITY = YES_AGGRESSIVE;
				CLANG_WARN_UNREACHABLE_CODE = YES;
				CLANG_WARN__DUPLICATE_METHOD_MATCH = YES;
				COPY_PHASE_STRIP = NO;
				DEBUG_INFORMATION_FORMAT = "dwarf-with-dsym";
				ENABLE_NS_ASSERTIONS = NO;
				ENABLE_STRICT_OBJC_MSGSEND = YES;
				ENABLE_USER_SCRIPT_SANDBOXING = YES;
				GCC_C_LANGUAGE_STANDARD = gnu17;
				GCC_NO_COMMON_BLOCKS = YES;
				GCC_WARN_64_TO_32_BIT_CONVERSION = YES;
				GCC_WARN_ABOUT_RETURN_TYPE = YES_ERROR;
				GCC_WARN_UNDECLARED_SELECTOR = YES;
				GCC_WARN_UNINITIALIZED_AUTOS = YES_AGGRESSIVE;
				GCC_WARN_UNUSED_FUNCTION = YES;
				GCC_WARN_UNUSED_VARIABLE = YES;
				IPHONEOS_DEPLOYMENT_TARGET = 17.2;
				LOCALIZATION_PREFERS_STRING_CATALOGS = YES;
				MTL_ENABLE_DEBUG_INFO = NO;
				MTL_FAST_MATH = YES;
				SDKROOT = iphoneos;
				SWIFT_COMPILATION_MODE = wholemodule;
				VALIDATE_PRODUCT = YES;
			};
			name = Release;
		};
		9435B35A2BAC1D0500CF0C9E /* Debug */ = {
			isa = XCBuildConfiguration;
			buildSettings = {
				ASSETCATALOG_COMPILER_APPICON_NAME = AppIcon;
				ASSETCATALOG_COMPILER_GLOBAL_ACCENT_COLOR_NAME = AccentColor;
				CODE_SIGN_STYLE = Automatic;
				CURRENT_PROJECT_VERSION = 1;
				DEVELOPMENT_ASSET_PATHS = "\"miniPost/PreviewContent\"";
				DEVELOPMENT_TEAM = 5YRV943L98;
				ENABLE_PREVIEWS = YES;
				GENERATE_INFOPLIST_FILE = YES;
				INFOPLIST_FILE = miniPost/Info.plist;
				INFOPLIST_KEY_UIApplicationSupportsIndirectInputEvents = YES;
				INFOPLIST_KEY_UILaunchScreen_Generation = YES;
				INFOPLIST_KEY_UISupportedInterfaceOrientations_iPad = "UIInterfaceOrientationPortrait UIInterfaceOrientationPortraitUpsideDown UIInterfaceOrientationLandscapeLeft UIInterfaceOrientationLandscapeRight";
				INFOPLIST_KEY_UISupportedInterfaceOrientations_iPhone = "UIInterfaceOrientationPortrait UIInterfaceOrientationLandscapeLeft UIInterfaceOrientationLandscapeRight";
				IPHONEOS_DEPLOYMENT_TARGET = 16.2;
				LD_RUNPATH_SEARCH_PATHS = (
					"$(inherited)",
					"@executable_path/Frameworks",
				);
				MARKETING_VERSION = 1.0;
				PRODUCT_BUNDLE_IDENTIFIER = demoapp.miniPost;
				PRODUCT_NAME = "$(TARGET_NAME)";
				SWIFT_EMIT_LOC_STRINGS = YES;
				SWIFT_VERSION = 5.0;
				TARGETED_DEVICE_FAMILY = "1,2";
			};
			name = Debug;
		};
		9435B35B2BAC1D0500CF0C9E /* Release */ = {
			isa = XCBuildConfiguration;
			buildSettings = {
				ASSETCATALOG_COMPILER_APPICON_NAME = AppIcon;
				ASSETCATALOG_COMPILER_GLOBAL_ACCENT_COLOR_NAME = AccentColor;
				CODE_SIGN_STYLE = Automatic;
				CURRENT_PROJECT_VERSION = 1;
				DEVELOPMENT_ASSET_PATHS = "\"miniPost/PreviewContent\"";
				DEVELOPMENT_TEAM = 5YRV943L98;
				ENABLE_PREVIEWS = YES;
				GENERATE_INFOPLIST_FILE = YES;
				INFOPLIST_FILE = miniPost/Info.plist;
				INFOPLIST_KEY_UIApplicationSupportsIndirectInputEvents = YES;
				INFOPLIST_KEY_UILaunchScreen_Generation = YES;
				INFOPLIST_KEY_UISupportedInterfaceOrientations_iPad = "UIInterfaceOrientationPortrait UIInterfaceOrientationPortraitUpsideDown UIInterfaceOrientationLandscapeLeft UIInterfaceOrientationLandscapeRight";
				INFOPLIST_KEY_UISupportedInterfaceOrientations_iPhone = "UIInterfaceOrientationPortrait UIInterfaceOrientationLandscapeLeft UIInterfaceOrientationLandscapeRight";
				IPHONEOS_DEPLOYMENT_TARGET = 16.2;
				LD_RUNPATH_SEARCH_PATHS = (
					"$(inherited)",
					"@executable_path/Frameworks",
				);
				MARKETING_VERSION = 1.0;
				PRODUCT_BUNDLE_IDENTIFIER = demoapp.miniPost;
				PRODUCT_NAME = "$(TARGET_NAME)";
				SWIFT_EMIT_LOC_STRINGS = YES;
				SWIFT_VERSION = 5.0;
				TARGETED_DEVICE_FAMILY = "1,2";
			};
			name = Release;
		};
		9435B35D2BAC1D0500CF0C9E /* Debug */ = {
			isa = XCBuildConfiguration;
			buildSettings = {
				ALWAYS_EMBED_SWIFT_STANDARD_LIBRARIES = YES;
				BUNDLE_LOADER = "$(TEST_HOST)";
				CODE_SIGN_STYLE = Automatic;
				CURRENT_PROJECT_VERSION = 1;
				DEVELOPMENT_TEAM = 5YRV943L98;
				GENERATE_INFOPLIST_FILE = YES;
				IPHONEOS_DEPLOYMENT_TARGET = 17.2;
				MARKETING_VERSION = 1.0;
				PRODUCT_BUNDLE_IDENTIFIER = demoapp.miniPostTests;
				PRODUCT_NAME = "$(TARGET_NAME)";
				SWIFT_EMIT_LOC_STRINGS = NO;
				SWIFT_VERSION = 5.0;
				TARGETED_DEVICE_FAMILY = "1,2";
				TEST_HOST = "$(BUILT_PRODUCTS_DIR)/miniPost.app/$(BUNDLE_EXECUTABLE_FOLDER_PATH)/miniPost";
			};
			name = Debug;
		};
		9435B35E2BAC1D0500CF0C9E /* Release */ = {
			isa = XCBuildConfiguration;
			buildSettings = {
				ALWAYS_EMBED_SWIFT_STANDARD_LIBRARIES = YES;
				BUNDLE_LOADER = "$(TEST_HOST)";
				CODE_SIGN_STYLE = Automatic;
				CURRENT_PROJECT_VERSION = 1;
				DEVELOPMENT_TEAM = 5YRV943L98;
				GENERATE_INFOPLIST_FILE = YES;
				IPHONEOS_DEPLOYMENT_TARGET = 17.2;
				MARKETING_VERSION = 1.0;
				PRODUCT_BUNDLE_IDENTIFIER = demoapp.miniPostTests;
				PRODUCT_NAME = "$(TARGET_NAME)";
				SWIFT_EMIT_LOC_STRINGS = NO;
				SWIFT_VERSION = 5.0;
				TARGETED_DEVICE_FAMILY = "1,2";
				TEST_HOST = "$(BUILT_PRODUCTS_DIR)/miniPost.app/$(BUNDLE_EXECUTABLE_FOLDER_PATH)/miniPost";
			};
			name = Release;
		};
		9435B3602BAC1D0500CF0C9E /* Debug */ = {
			isa = XCBuildConfiguration;
			buildSettings = {
				ALWAYS_EMBED_SWIFT_STANDARD_LIBRARIES = YES;
				CODE_SIGN_STYLE = Automatic;
				CURRENT_PROJECT_VERSION = 1;
				DEVELOPMENT_TEAM = 5YRV943L98;
				GENERATE_INFOPLIST_FILE = YES;
				MARKETING_VERSION = 1.0;
				PRODUCT_BUNDLE_IDENTIFIER = demoapp.miniPostUITests;
				PRODUCT_NAME = "$(TARGET_NAME)";
				SWIFT_EMIT_LOC_STRINGS = NO;
				SWIFT_VERSION = 5.0;
				TARGETED_DEVICE_FAMILY = "1,2";
				TEST_TARGET_NAME = miniPost;
			};
			name = Debug;
		};
		9435B3612BAC1D0500CF0C9E /* Release */ = {
			isa = XCBuildConfiguration;
			buildSettings = {
				ALWAYS_EMBED_SWIFT_STANDARD_LIBRARIES = YES;
				CODE_SIGN_STYLE = Automatic;
				CURRENT_PROJECT_VERSION = 1;
				DEVELOPMENT_TEAM = 5YRV943L98;
				GENERATE_INFOPLIST_FILE = YES;
				MARKETING_VERSION = 1.0;
				PRODUCT_BUNDLE_IDENTIFIER = demoapp.miniPostUITests;
				PRODUCT_NAME = "$(TARGET_NAME)";
				SWIFT_EMIT_LOC_STRINGS = NO;
				SWIFT_VERSION = 5.0;
				TARGETED_DEVICE_FAMILY = "1,2";
				TEST_TARGET_NAME = miniPost;
			};
			name = Release;
		};
/* End XCBuildConfiguration section */

/* Begin XCConfigurationList section */
		9435B3302BAC1D0200CF0C9E /* Build configuration list for PBXProject "miniPost" */ = {
			isa = XCConfigurationList;
			buildConfigurations = (
				9435B3572BAC1D0500CF0C9E /* Debug */,
				9435B3582BAC1D0500CF0C9E /* Release */,
			);
			defaultConfigurationIsVisible = 0;
			defaultConfigurationName = Release;
		};
		9435B3592BAC1D0500CF0C9E /* Build configuration list for PBXNativeTarget "miniPost" */ = {
			isa = XCConfigurationList;
			buildConfigurations = (
				9435B35A2BAC1D0500CF0C9E /* Debug */,
				9435B35B2BAC1D0500CF0C9E /* Release */,
			);
			defaultConfigurationIsVisible = 0;
			defaultConfigurationName = Release;
		};
		9435B35C2BAC1D0500CF0C9E /* Build configuration list for PBXNativeTarget "miniPostTests" */ = {
			isa = XCConfigurationList;
			buildConfigurations = (
				9435B35D2BAC1D0500CF0C9E /* Debug */,
				9435B35E2BAC1D0500CF0C9E /* Release */,
			);
			defaultConfigurationIsVisible = 0;
			defaultConfigurationName = Release;
		};
		9435B35F2BAC1D0500CF0C9E /* Build configuration list for PBXNativeTarget "miniPostUITests" */ = {
			isa = XCConfigurationList;
			buildConfigurations = (
				9435B3602BAC1D0500CF0C9E /* Debug */,
				9435B3612BAC1D0500CF0C9E /* Release */,
			);
			defaultConfigurationIsVisible = 0;
			defaultConfigurationName = Release;
		};
/* End XCConfigurationList section */

/* Begin XCRemoteSwiftPackageReference section */
		FB4F16252BE1B9C100B0C1DF /* XCRemoteSwiftPackageReference "swift-collections" */ = {
			isa = XCRemoteSwiftPackageReference;
			repositoryURL = "https://github.com/apple/swift-collections.git";
			requirement = {
				kind = exactVersion;
				version = 1.0.4;
			};
		};
/* End XCRemoteSwiftPackageReference section */

/* Begin XCSwiftPackageProductDependency section */
		FB4F16262BE1B9C100B0C1DF /* Collections */ = {
			isa = XCSwiftPackageProductDependency;
			package = FB4F16252BE1B9C100B0C1DF /* XCRemoteSwiftPackageReference "swift-collections" */;
			productName = Collections;
		};
		FB4F16282BE1B9C100B0C1DF /* DequeModule */ = {
			isa = XCSwiftPackageProductDependency;
			package = FB4F16252BE1B9C100B0C1DF /* XCRemoteSwiftPackageReference "swift-collections" */;
			productName = DequeModule;
		};
		FB4F162A2BE1B9C100B0C1DF /* OrderedCollections */ = {
			isa = XCSwiftPackageProductDependency;
			package = FB4F16252BE1B9C100B0C1DF /* XCRemoteSwiftPackageReference "swift-collections" */;
			productName = OrderedCollections;
		};
/* End XCSwiftPackageProductDependency section */
	};
	rootObject = 9435B32D2BAC1D0200CF0C9E /* Project object */;
}
